{
  "originHash" : "74756049e47605da23a7cf70112df2ac6fe24ce736fecb1466b2b2424a51cc50",
  "pins" : [
    {
      "identity" : "pow",
      "kind" : "remoteSourceControl",
      "location" : "https://github.com/EmergeTools/Pow",
      "state" : {
        "revision" : "f0d0f3e72d42beaf2b01f1cb798e1b55902814eb",
        "version" : "1.0.4"
      }
    },
    {
      "identity" : "swiftui-introspect",
      "kind" : "remoteSourceControl",
      "location" : "https://github.com/siteline/swiftui-introspect",
      "state" : {
        "revision" : "807f73ce09a9b9723f12385e592b4e0aaebd3336",
        "version" : "1.3.0"
      }
    },
    {
      "identity" : "swiftui-navigation-transitions",
      "kind" : "remoteSourceControl",
      "location" : "https://github.com/davdroman/swiftui-navigation-transitions",
      "state" : {
        "revision" : "ad6ecab3f275fd0ff30959150dec0f14a5b7a245",
        "version" : "0.13.4"
      }
    }
  ],
  "version" : 3
}
