// !$*UTF8*$!
{
	archiveVersion = 1;
	classes = {
	};
	objectVersion = 56;
	objects = {

/* Begin PBXBuildFile section */
		640DF4642C7F7A01005B3342 /* VictoryView.swift in Sources */ = {isa = PBXBuildFile; fileRef = 640DF4632C7F7A01005B3342 /* VictoryView.swift */; };
		640DF4672C7F7A7A005B3342 /* Pow in Frameworks */ = {isa = PBXBuildFile; productRef = 640DF4662C7F7A7A005B3342 /* Pow */; };
		640DF4692C7F7F87005B3342 /* ScoreSystem.swift in Sources */ = {isa = PBXBuildFile; fileRef = 640DF4682C7F7F86005B3342 /* ScoreSystem.swift */; };
		640DF46B2C7F9756005B3342 /* GoogleService-Info.plist in Resources */ = {isa = PBXBuildFile; fileRef = 640DF46A2C7F9756005B3342 /* GoogleService-Info.plist */; };
		640DF46E2C7F9878005B3342 /* FirebaseAnalytics in Frameworks */ = {isa = PBXBuildFile; productRef = 640DF46D2C7F9878005B3342 /* FirebaseAnalytics */; };
		640DF4702C7F9878005B3342 /* FirebaseAnalyticsOnDeviceConversion in Frameworks */ = {isa = PBXBuildFile; productRef = 640DF46F2C7F9878005B3342 /* FirebaseAnalyticsOnDeviceConversion */; };
		640DF4722C7F9878005B3342 /* FirebaseAnalyticsWithoutAdIdSupport in Frameworks */ = {isa = PBXBuildFile; productRef = 640DF4712C7F9878005B3342 /* FirebaseAnalyticsWithoutAdIdSupport */; };
		640DF4742C7F9878005B3342 /* FirebaseAppCheck in Frameworks */ = {isa = PBXBuildFile; productRef = 640DF4732C7F9878005B3342 /* FirebaseAppCheck */; };
		640DF4762C7F9878005B3342 /* FirebaseAppDistribution-Beta in Frameworks */ = {isa = PBXBuildFile; productRef = 640DF4752C7F9878005B3342 /* FirebaseAppDistribution-Beta */; };
		640DF4782C7F9878005B3342 /* FirebaseAuth in Frameworks */ = {isa = PBXBuildFile; productRef = 640DF4772C7F9878005B3342 /* FirebaseAuth */; };
		640DF47A2C7F9878005B3342 /* FirebaseAuthCombine-Community in Frameworks */ = {isa = PBXBuildFile; productRef = 640DF4792C7F9878005B3342 /* FirebaseAuthCombine-Community */; };
		640DF47C2C7F9878005B3342 /* FirebaseCrashlytics in Frameworks */ = {isa = PBXBuildFile; productRef = 640DF47B2C7F9878005B3342 /* FirebaseCrashlytics */; };
		640DF47E2C7F9878005B3342 /* FirebaseDatabase in Frameworks */ = {isa = PBXBuildFile; productRef = 640DF47D2C7F9878005B3342 /* FirebaseDatabase */; };
		640DF4802C7F9878005B3342 /* FirebaseDynamicLinks in Frameworks */ = {isa = PBXBuildFile; productRef = 640DF47F2C7F9878005B3342 /* FirebaseDynamicLinks */; };
		640DF4822C7F9878005B3342 /* FirebaseFirestore in Frameworks */ = {isa = PBXBuildFile; productRef = 640DF4812C7F9878005B3342 /* FirebaseFirestore */; };
		640DF4842C7F9878005B3342 /* FirebaseFirestoreCombine-Community in Frameworks */ = {isa = PBXBuildFile; productRef = 640DF4832C7F9878005B3342 /* FirebaseFirestoreCombine-Community */; };
		640DF4862C7F9878005B3342 /* FirebaseFunctions in Frameworks */ = {isa = PBXBuildFile; productRef = 640DF4852C7F9878005B3342 /* FirebaseFunctions */; };
		640DF4882C7F9878005B3342 /* FirebaseFunctionsCombine-Community in Frameworks */ = {isa = PBXBuildFile; productRef = 640DF4872C7F9878005B3342 /* FirebaseFunctionsCombine-Community */; };
		640DF48A2C7F9878005B3342 /* FirebaseInAppMessaging-Beta in Frameworks */ = {isa = PBXBuildFile; productRef = 640DF4892C7F9878005B3342 /* FirebaseInAppMessaging-Beta */; };
		640DF48C2C7F9878005B3342 /* FirebaseInstallations in Frameworks */ = {isa = PBXBuildFile; productRef = 640DF48B2C7F9878005B3342 /* FirebaseInstallations */; };
		640DF48E2C7F9878005B3342 /* FirebaseMLModelDownloader in Frameworks */ = {isa = PBXBuildFile; productRef = 640DF48D2C7F9878005B3342 /* FirebaseMLModelDownloader */; };
		640DF4902C7F9878005B3342 /* FirebaseMessaging in Frameworks */ = {isa = PBXBuildFile; productRef = 640DF48F2C7F9878005B3342 /* FirebaseMessaging */; };
		640DF4922C7F9878005B3342 /* FirebasePerformance in Frameworks */ = {isa = PBXBuildFile; productRef = 640DF4912C7F9878005B3342 /* FirebasePerformance */; };
		640DF4942C7F9878005B3342 /* FirebaseRemoteConfig in Frameworks */ = {isa = PBXBuildFile; productRef = 640DF4932C7F9878005B3342 /* FirebaseRemoteConfig */; };
		640DF4962C7F9878005B3342 /* FirebaseStorage in Frameworks */ = {isa = PBXBuildFile; productRef = 640DF4952C7F9878005B3342 /* FirebaseStorage */; };
		640DF4982C7F9878005B3342 /* FirebaseStorageCombine-Community in Frameworks */ = {isa = PBXBuildFile; productRef = 640DF4972C7F9878005B3342 /* FirebaseStorageCombine-Community */; };
		640DF49A2C7F9878005B3342 /* FirebaseVertexAI-Preview in Frameworks */ = {isa = PBXBuildFile; productRef = 640DF4992C7F9878005B3342 /* FirebaseVertexAI-Preview */; };
		640DF49C2C7F996C005B3342 /* StatisticsView.swift in Sources */ = {isa = PBXBuildFile; fileRef = 640DF49B2C7F996C005B3342 /* StatisticsView.swift */; };
		640DF49F2C7F9A06005B3342 /* FirebaseAPI.swift in Sources */ = {isa = PBXBuildFile; fileRef = 640DF49E2C7F9A06005B3342 /* FirebaseAPI.swift */; };
		643F04FD2C7A09E000CB9EDF /* LoadingScreenView.swift in Sources */ = {isa = PBXBuildFile; fileRef = 643F04FC2C7A09E000CB9EDF /* LoadingScreenView.swift */; };
		6447CDE82C78660600F57F46 /* NavigationTransitions in Frameworks */ = {isa = PBXBuildFile; productRef = 6447CDE72C78660600F57F46 /* NavigationTransitions */; };
		6447CDEA2C78D57900F57F46 /* StageContentView.swift in Sources */ = {isa = PBXBuildFile; fileRef = 6447CDE92C78D57900F57F46 /* StageContentView.swift */; };
		6447CDEC2C78D5A500F57F46 /* StageHeaderView.swift in Sources */ = {isa = PBXBuildFile; fileRef = 6447CDEB2C78D5A500F57F46 /* StageHeaderView.swift */; };
		6447CDEE2C78D5B900F57F46 /* PauseOverlay.swift in Sources */ = {isa = PBXBuildFile; fileRef = 6447CDED2C78D5B900F57F46 /* PauseOverlay.swift */; };
		6447CDF02C78D5C900F57F46 /* RewardSelectionOverlay.swift in Sources */ = {isa = PBXBuildFile; fileRef = 6447CDEF2C78D5C900F57F46 /* RewardSelectionOverlay.swift */; };
		6447CDF22C78D5D700F57F46 /* GameOverOverlay.swift in Sources */ = {isa = PBXBuildFile; fileRef = 6447CDF12C78D5D700F57F46 /* GameOverOverlay.swift */; };
		6447CDF82C78DBB700F57F46 /* GameOverView.swift in Sources */ = {isa = PBXBuildFile; fileRef = 6447CDF72C78DBB700F57F46 /* GameOverView.swift */; };
		6456BB5F2C69217800AE46FD /* StageViewModel.swift in Sources */ = {isa = PBXBuildFile; fileRef = 6456BB5E2C69217800AE46FD /* StageViewModel.swift */; };
		6456EC752C6DFE060037DEA1 /* PlayerZoneView.swift in Sources */ = {isa = PBXBuildFile; fileRef = 6456EC742C6DFE060037DEA1 /* PlayerZoneView.swift */; };
		6456EC782C6E05BB0037DEA1 /* Player.swift in Sources */ = {isa = PBXBuildFile; fileRef = 6456EC772C6E05BB0037DEA1 /* Player.swift */; };
		6456EC7A2C6E12FF0037DEA1 /* Enemy.swift in Sources */ = {isa = PBXBuildFile; fileRef = 6456EC792C6E12FF0037DEA1 /* Enemy.swift */; };
		6472AC372C6B786300F81A82 /* GameViewModel.swift in Sources */ = {isa = PBXBuildFile; fileRef = 6472AC362C6B786300F81A82 /* GameViewModel.swift */; };
		6472AC392C6C5BB400F81A82 /* MainMenuView.swift in Sources */ = {isa = PBXBuildFile; fileRef = 6472AC382C6C5BB400F81A82 /* MainMenuView.swift */; };
		6472AC3D2C6C5F2A00F81A82 /* EnemyFactory.swift in Sources */ = {isa = PBXBuildFile; fileRef = 6472AC3C2C6C5F2900F81A82 /* EnemyFactory.swift */; };
		647653042C7A247000148222 /* Kreon.ttf in Resources */ = {isa = PBXBuildFile; fileRef = 647653032C7A246F00148222 /* Kreon.ttf */; };
		6476530B2C7A461000148222 /* AudioManager.swift in Sources */ = {isa = PBXBuildFile; fileRef = 6476530A2C7A461000148222 /* AudioManager.swift */; };
		6476530D2C7A464300148222 /* stage.mp3 in Resources */ = {isa = PBXBuildFile; fileRef = 6476530C2C7A464300148222 /* stage.mp3 */; };
		647653102C7A4BB900148222 /* mainMenu.mp3 in Resources */ = {isa = PBXBuildFile; fileRef = 6476530E2C7A464800148222 /* mainMenu.mp3 */; };
		647653122C7A4CD100148222 /* sfxButton.mp3 in Resources */ = {isa = PBXBuildFile; fileRef = 647653112C7A4CD100148222 /* sfxButton.mp3 */; };
		6476CAA82C666AFE001C664A /* Slay_The_11thApp.swift in Sources */ = {isa = PBXBuildFile; fileRef = 6476CAA72C666AFE001C664A /* Slay_The_11thApp.swift */; };
		6476CAAC2C666B01001C664A /* Assets.xcassets in Resources */ = {isa = PBXBuildFile; fileRef = 6476CAAB2C666B01001C664A /* Assets.xcassets */; };
		6476CAAF2C666B01001C664A /* Preview Assets.xcassets in Resources */ = {isa = PBXBuildFile; fileRef = 6476CAAE2C666B01001C664A /* Preview Assets.xcassets */; };
		64B71A172C74D4C1009F3987 /* Reward.swift in Sources */ = {isa = PBXBuildFile; fileRef = 64B71A162C74D4C1009F3987 /* Reward.swift */; };
		64B71A1B2C74D670009F3987 /* RewardBoxView.swift in Sources */ = {isa = PBXBuildFile; fileRef = 64B71A1A2C74D670009F3987 /* RewardBoxView.swift */; };
		64B71A1D2C74E428009F3987 /* RewardSelectionView.swift in Sources */ = {isa = PBXBuildFile; fileRef = 64B71A1C2C74E428009F3987 /* RewardSelectionView.swift */; };
		64D9B1E72C76259000CB11D1 /* EnemyActions.swift in Sources */ = {isa = PBXBuildFile; fileRef = 64D9B1E62C76259000CB11D1 /* EnemyActions.swift */; };
		64D9B1E92C7625FE00CB11D1 /* CardActions.swift in Sources */ = {isa = PBXBuildFile; fileRef = 64D9B1E82C7625FE00CB11D1 /* CardActions.swift */; };
		64D9B1EB2C76270000CB11D1 /* PlayerActions.swift in Sources */ = {isa = PBXBuildFile; fileRef = 64D9B1EA2C76270000CB11D1 /* PlayerActions.swift */; };
		64FF8D252C6735EF0010487C /* StageView.swift in Sources */ = {isa = PBXBuildFile; fileRef = 64FF8D242C6735EF0010487C /* StageView.swift */; };
		64FF8D272C6735FB0010487C /* Card.swift in Sources */ = {isa = PBXBuildFile; fileRef = 64FF8D262C6735FB0010487C /* Card.swift */; };
		64FF8D292C673C0C0010487C /* CardView.swift in Sources */ = {isa = PBXBuildFile; fileRef = 64FF8D282C673C0C0010487C /* CardView.swift */; };
		64FF8D2B2C673CA70010487C /* DeckFactory.swift in Sources */ = {isa = PBXBuildFile; fileRef = 64FF8D2A2C673CA70010487C /* DeckFactory.swift */; };
		64FF8D2D2C673DB90010487C /* PlayerHandView.swift in Sources */ = {isa = PBXBuildFile; fileRef = 64FF8D2C2C673DB80010487C /* PlayerHandView.swift */; };
		64FF8D332C674A810010487C /* EnemyZoneView.swift in Sources */ = {isa = PBXBuildFile; fileRef = 64FF8D322C674A810010487C /* EnemyZoneView.swift */; };
		64FF8D372C674ED80010487C /* CharacterBody2D.swift in Sources */ = {isa = PBXBuildFile; fileRef = 64FF8D362C674ED80010487C /* CharacterBody2D.swift */; };
/* End PBXBuildFile section */

/* Begin PBXFileReference section */
		640DF4632C7F7A01005B3342 /* VictoryView.swift */ = {isa = PBXFileReference; lastKnownFileType = sourcecode.swift; path = VictoryView.swift; sourceTree = "<group>"; };
		640DF4682C7F7F86005B3342 /* ScoreSystem.swift */ = {isa = PBXFileReference; lastKnownFileType = sourcecode.swift; path = ScoreSystem.swift; sourceTree = "<group>"; };
		640DF46A2C7F9756005B3342 /* GoogleService-Info.plist */ = {isa = PBXFileReference; fileEncoding = 4; lastKnownFileType = text.plist.xml; path = "GoogleService-Info.plist"; sourceTree = "<group>"; };
		640DF49B2C7F996C005B3342 /* StatisticsView.swift */ = {isa = PBXFileReference; lastKnownFileType = sourcecode.swift; path = StatisticsView.swift; sourceTree = "<group>"; };
		640DF49E2C7F9A06005B3342 /* FirebaseAPI.swift */ = {isa = PBXFileReference; lastKnownFileType = sourcecode.swift; path = FirebaseAPI.swift; sourceTree = "<group>"; };
		643F04FC2C7A09E000CB9EDF /* LoadingScreenView.swift */ = {isa = PBXFileReference; lastKnownFileType = sourcecode.swift; path = LoadingScreenView.swift; sourceTree = "<group>"; };
		6447CDE92C78D57900F57F46 /* StageContentView.swift */ = {isa = PBXFileReference; lastKnownFileType = sourcecode.swift; path = StageContentView.swift; sourceTree = "<group>"; };
		6447CDEB2C78D5A500F57F46 /* StageHeaderView.swift */ = {isa = PBXFileReference; lastKnownFileType = sourcecode.swift; path = StageHeaderView.swift; sourceTree = "<group>"; };
		6447CDED2C78D5B900F57F46 /* PauseOverlay.swift */ = {isa = PBXFileReference; lastKnownFileType = sourcecode.swift; path = PauseOverlay.swift; sourceTree = "<group>"; };
		6447CDEF2C78D5C900F57F46 /* RewardSelectionOverlay.swift */ = {isa = PBXFileReference; lastKnownFileType = sourcecode.swift; path = RewardSelectionOverlay.swift; sourceTree = "<group>"; };
		6447CDF12C78D5D700F57F46 /* GameOverOverlay.swift */ = {isa = PBXFileReference; lastKnownFileType = sourcecode.swift; path = GameOverOverlay.swift; sourceTree = "<group>"; };
		6447CDF72C78DBB700F57F46 /* GameOverView.swift */ = {isa = PBXFileReference; fileEncoding = 4; lastKnownFileType = sourcecode.swift; path = GameOverView.swift; sourceTree = "<group>"; };
		6456BB5D2C690FB900AE46FD /* Slay-The-11th-Info.plist */ = {isa = PBXFileReference; lastKnownFileType = text.plist; path = "Slay-The-11th-Info.plist"; sourceTree = SOURCE_ROOT; };
		6456BB5E2C69217800AE46FD /* StageViewModel.swift */ = {isa = PBXFileReference; lastKnownFileType = sourcecode.swift; path = StageViewModel.swift; sourceTree = "<group>"; };
		6456EC742C6DFE060037DEA1 /* PlayerZoneView.swift */ = {isa = PBXFileReference; lastKnownFileType = sourcecode.swift; path = PlayerZoneView.swift; sourceTree = "<group>"; };
		6456EC772C6E05BB0037DEA1 /* Player.swift */ = {isa = PBXFileReference; lastKnownFileType = sourcecode.swift; path = Player.swift; sourceTree = "<group>"; };
		6456EC792C6E12FF0037DEA1 /* Enemy.swift */ = {isa = PBXFileReference; lastKnownFileType = sourcecode.swift; path = Enemy.swift; sourceTree = "<group>"; };
		6472AC362C6B786300F81A82 /* GameViewModel.swift */ = {isa = PBXFileReference; lastKnownFileType = sourcecode.swift; path = GameViewModel.swift; sourceTree = "<group>"; };
		6472AC382C6C5BB400F81A82 /* MainMenuView.swift */ = {isa = PBXFileReference; lastKnownFileType = sourcecode.swift; path = MainMenuView.swift; sourceTree = "<group>"; };
		6472AC3C2C6C5F2900F81A82 /* EnemyFactory.swift */ = {isa = PBXFileReference; lastKnownFileType = sourcecode.swift; path = EnemyFactory.swift; sourceTree = "<group>"; };
		647653032C7A246F00148222 /* Kreon.ttf */ = {isa = PBXFileReference; lastKnownFileType = file; path = Kreon.ttf; sourceTree = "<group>"; };
		6476530A2C7A461000148222 /* AudioManager.swift */ = {isa = PBXFileReference; lastKnownFileType = sourcecode.swift; path = AudioManager.swift; sourceTree = "<group>"; };
		6476530C2C7A464300148222 /* stage.mp3 */ = {isa = PBXFileReference; lastKnownFileType = audio.mp3; path = stage.mp3; sourceTree = "<group>"; };
		6476530E2C7A464800148222 /* mainMenu.mp3 */ = {isa = PBXFileReference; lastKnownFileType = audio.mp3; path = mainMenu.mp3; sourceTree = "<group>"; };
		647653112C7A4CD100148222 /* sfxButton.mp3 */ = {isa = PBXFileReference; lastKnownFileType = audio.mp3; path = sfxButton.mp3; sourceTree = "<group>"; };
		6476CAA42C666AFE001C664A /* Slay The 11th.app */ = {isa = PBXFileReference; explicitFileType = wrapper.application; includeInIndex = 0; path = "Slay The 11th.app"; sourceTree = BUILT_PRODUCTS_DIR; };
		6476CAA72C666AFE001C664A /* Slay_The_11thApp.swift */ = {isa = PBXFileReference; lastKnownFileType = sourcecode.swift; path = Slay_The_11thApp.swift; sourceTree = "<group>"; };
		6476CAAB2C666B01001C664A /* Assets.xcassets */ = {isa = PBXFileReference; lastKnownFileType = folder.assetcatalog; path = Assets.xcassets; sourceTree = "<group>"; };
		6476CAAE2C666B01001C664A /* Preview Assets.xcassets */ = {isa = PBXFileReference; lastKnownFileType = folder.assetcatalog; path = "Preview Assets.xcassets"; sourceTree = "<group>"; };
		64B71A162C74D4C1009F3987 /* Reward.swift */ = {isa = PBXFileReference; lastKnownFileType = sourcecode.swift; path = Reward.swift; sourceTree = "<group>"; };
		64B71A1A2C74D670009F3987 /* RewardBoxView.swift */ = {isa = PBXFileReference; lastKnownFileType = sourcecode.swift; path = RewardBoxView.swift; sourceTree = "<group>"; };
		64B71A1C2C74E428009F3987 /* RewardSelectionView.swift */ = {isa = PBXFileReference; lastKnownFileType = sourcecode.swift; path = RewardSelectionView.swift; sourceTree = "<group>"; };
		64D9B1E62C76259000CB11D1 /* EnemyActions.swift */ = {isa = PBXFileReference; lastKnownFileType = sourcecode.swift; path = EnemyActions.swift; sourceTree = "<group>"; };
		64D9B1E82C7625FE00CB11D1 /* CardActions.swift */ = {isa = PBXFileReference; lastKnownFileType = sourcecode.swift; path = CardActions.swift; sourceTree = "<group>"; };
		64D9B1EA2C76270000CB11D1 /* PlayerActions.swift */ = {isa = PBXFileReference; lastKnownFileType = sourcecode.swift; path = PlayerActions.swift; sourceTree = "<group>"; };
		64FF8D242C6735EF0010487C /* StageView.swift */ = {isa = PBXFileReference; lastKnownFileType = sourcecode.swift; path = StageView.swift; sourceTree = "<group>"; };
		64FF8D262C6735FB0010487C /* Card.swift */ = {isa = PBXFileReference; lastKnownFileType = sourcecode.swift; path = Card.swift; sourceTree = "<group>"; };
		64FF8D282C673C0C0010487C /* CardView.swift */ = {isa = PBXFileReference; lastKnownFileType = sourcecode.swift; path = CardView.swift; sourceTree = "<group>"; };
		64FF8D2A2C673CA70010487C /* DeckFactory.swift */ = {isa = PBXFileReference; lastKnownFileType = sourcecode.swift; path = DeckFactory.swift; sourceTree = "<group>"; };
		64FF8D2C2C673DB80010487C /* PlayerHandView.swift */ = {isa = PBXFileReference; lastKnownFileType = sourcecode.swift; path = PlayerHandView.swift; sourceTree = "<group>"; };
		64FF8D322C674A810010487C /* EnemyZoneView.swift */ = {isa = PBXFileReference; lastKnownFileType = sourcecode.swift; path = EnemyZoneView.swift; sourceTree = "<group>"; };
		64FF8D362C674ED80010487C /* CharacterBody2D.swift */ = {isa = PBXFileReference; lastKnownFileType = sourcecode.swift; path = CharacterBody2D.swift; sourceTree = "<group>"; };
/* End PBXFileReference section */

/* Begin PBXFrameworksBuildPhase section */
		6476CAA12C666AFE001C664A /* Frameworks */ = {
			isa = PBXFrameworksBuildPhase;
			buildActionMask = 2147483647;
			files = (
				640DF4762C7F9878005B3342 /* FirebaseAppDistribution-Beta in Frameworks */,
				640DF4822C7F9878005B3342 /* FirebaseFirestore in Frameworks */,
				640DF47A2C7F9878005B3342 /* FirebaseAuthCombine-Community in Frameworks */,
				640DF48C2C7F9878005B3342 /* FirebaseInstallations in Frameworks */,
				6447CDE82C78660600F57F46 /* NavigationTransitions in Frameworks */,
				640DF49A2C7F9878005B3342 /* FirebaseVertexAI-Preview in Frameworks */,
				640DF4722C7F9878005B3342 /* FirebaseAnalyticsWithoutAdIdSupport in Frameworks */,
				640DF48A2C7F9878005B3342 /* FirebaseInAppMessaging-Beta in Frameworks */,
				640DF4672C7F7A7A005B3342 /* Pow in Frameworks */,
				640DF46E2C7F9878005B3342 /* FirebaseAnalytics in Frameworks */,
				640DF4882C7F9878005B3342 /* FirebaseFunctionsCombine-Community in Frameworks */,
				640DF4982C7F9878005B3342 /* FirebaseStorageCombine-Community in Frameworks */,
				640DF4742C7F9878005B3342 /* FirebaseAppCheck in Frameworks */,
				640DF4962C7F9878005B3342 /* FirebaseStorage in Frameworks */,
				640DF4942C7F9878005B3342 /* FirebaseRemoteConfig in Frameworks */,
				640DF47C2C7F9878005B3342 /* FirebaseCrashlytics in Frameworks */,
				640DF4902C7F9878005B3342 /* FirebaseMessaging in Frameworks */,
				640DF48E2C7F9878005B3342 /* FirebaseMLModelDownloader in Frameworks */,
				640DF4922C7F9878005B3342 /* FirebasePerformance in Frameworks */,
				640DF47E2C7F9878005B3342 /* FirebaseDatabase in Frameworks */,
				640DF4702C7F9878005B3342 /* FirebaseAnalyticsOnDeviceConversion in Frameworks */,
				640DF4782C7F9878005B3342 /* FirebaseAuth in Frameworks */,
				640DF4862C7F9878005B3342 /* FirebaseFunctions in Frameworks */,
				640DF4802C7F9878005B3342 /* FirebaseDynamicLinks in Frameworks */,
				640DF4842C7F9878005B3342 /* FirebaseFirestoreCombine-Community in Frameworks */,
			);
			runOnlyForDeploymentPostprocessing = 0;
		};
/* End PBXFrameworksBuildPhase section */

/* Begin PBXGroup section */
		640DF49D2C7F99EF005B3342 /* Services */ = {
			isa = PBXGroup;
			children = (
				640DF49E2C7F9A06005B3342 /* FirebaseAPI.swift */,
			);
			path = Services;
			sourceTree = "<group>";
		};
		643F04FB2C7A09D300CB9EDF /* Common */ = {
			isa = PBXGroup;
			children = (
				643F04FC2C7A09E000CB9EDF /* LoadingScreenView.swift */,
			);
			path = Common;
			sourceTree = "<group>";
		};
		6447CDF32C78DB1A00F57F46 /* Stage */ = {
			isa = PBXGroup;
			children = (
				640DF4632C7F7A01005B3342 /* VictoryView.swift */,
				6447CDF72C78DBB700F57F46 /* GameOverView.swift */,
				64FF8D242C6735EF0010487C /* StageView.swift */,
				6447CDE92C78D57900F57F46 /* StageContentView.swift */,
				6447CDEB2C78D5A500F57F46 /* StageHeaderView.swift */,
				6447CDED2C78D5B900F57F46 /* PauseOverlay.swift */,
				6447CDEF2C78D5C900F57F46 /* RewardSelectionOverlay.swift */,
				6447CDF12C78D5D700F57F46 /* GameOverOverlay.swift */,
			);
			path = Stage;
			sourceTree = "<group>";
		};
		6447CDF42C78DB4200F57F46 /* Enemy */ = {
			isa = PBXGroup;
			children = (
				64FF8D322C674A810010487C /* EnemyZoneView.swift */,
				64FF8D362C674ED80010487C /* CharacterBody2D.swift */,
			);
			path = Enemy;
			sourceTree = "<group>";
		};
		6447CDF52C78DB5A00F57F46 /* Player */ = {
			isa = PBXGroup;
			children = (
				64FF8D2C2C673DB80010487C /* PlayerHandView.swift */,
				6456EC742C6DFE060037DEA1 /* PlayerZoneView.swift */,
			);
			path = Player;
			sourceTree = "<group>";
		};
		6447CDF62C78DB7400F57F46 /* Reward */ = {
			isa = PBXGroup;
			children = (
				64B71A1C2C74E428009F3987 /* RewardSelectionView.swift */,
				64B71A1A2C74D670009F3987 /* RewardBoxView.swift */,
			);
			path = Reward;
			sourceTree = "<group>";
		};
		6456EC762C6E05960037DEA1 /* Model */ = {
			isa = PBXGroup;
			children = (
				64FF8D262C6735FB0010487C /* Card.swift */,
				6456EC772C6E05BB0037DEA1 /* Player.swift */,
				6456EC792C6E12FF0037DEA1 /* Enemy.swift */,
				64B71A162C74D4C1009F3987 /* Reward.swift */,
			);
			path = Model;
			sourceTree = "<group>";
		};
		647653052C7A45DA00148222 /* Resources */ = {
			isa = PBXGroup;
			children = (
				647653072C7A45F100148222 /* Sfx */,
				647653062C7A45E900148222 /* Soundtrack */,
			);
			path = Resources;
			sourceTree = "<group>";
		};
		647653062C7A45E900148222 /* Soundtrack */ = {
			isa = PBXGroup;
			children = (
				6476530E2C7A464800148222 /* mainMenu.mp3 */,
				6476530C2C7A464300148222 /* stage.mp3 */,
			);
			path = Soundtrack;
			sourceTree = "<group>";
		};
		647653072C7A45F100148222 /* Sfx */ = {
			isa = PBXGroup;
			children = (
				647653112C7A4CD100148222 /* sfxButton.mp3 */,
			);
			path = Sfx;
			sourceTree = "<group>";
		};
		647653082C7A45F800148222 /* Config */ = {
			isa = PBXGroup;
			children = (
				647653092C7A460100148222 /* Media */,
			);
			path = Config;
			sourceTree = "<group>";
		};
		647653092C7A460100148222 /* Media */ = {
			isa = PBXGroup;
			children = (
				6476530A2C7A461000148222 /* AudioManager.swift */,
			);
			path = Media;
			sourceTree = "<group>";
		};
		6476CA9B2C666AFE001C664A = {
			isa = PBXGroup;
			children = (
				6476CAA62C666AFE001C664A /* Slay The 11th */,
				6476CAA52C666AFE001C664A /* Products */,
			);
			sourceTree = "<group>";
		};
		6476CAA52C666AFE001C664A /* Products */ = {
			isa = PBXGroup;
			children = (
				6476CAA42C666AFE001C664A /* Slay The 11th.app */,
			);
			name = Products;
			sourceTree = "<group>";
		};
		6476CAA62C666AFE001C664A /* Slay The 11th */ = {
			isa = PBXGroup;
			children = (
				647653052C7A45DA00148222 /* Resources */,
				6456BB5D2C690FB900AE46FD /* Slay-The-11th-Info.plist */,
				647653032C7A246F00148222 /* Kreon.ttf */,
				647653082C7A45F800148222 /* Config */,
				6456EC762C6E05960037DEA1 /* Model */,
				64832AE82C676FF200895A90 /* ViewModel */,
				64FF8D2E2C6749E30010487C /* Views */,
				6476CAA72C666AFE001C664A /* Slay_The_11thApp.swift */,
				6476CAAB2C666B01001C664A /* Assets.xcassets */,
				640DF46A2C7F9756005B3342 /* GoogleService-Info.plist */,
				6476CAAD2C666B01001C664A /* Preview Content */,
				6472AC382C6C5BB400F81A82 /* MainMenuView.swift */,
				640DF49D2C7F99EF005B3342 /* Services */,
				64FF8D282C673C0C0010487C /* CardView.swift */,
				64FF8D2A2C673CA70010487C /* DeckFactory.swift */,
				640DF49B2C7F996C005B3342 /* StatisticsView.swift */,
				6472AC3C2C6C5F2900F81A82 /* EnemyFactory.swift */,
			);
			path = "Slay The 11th";
			sourceTree = "<group>";
		};
		6476CAAD2C666B01001C664A /* Preview Content */ = {
			isa = PBXGroup;
			children = (
				6476CAAE2C666B01001C664A /* Preview Assets.xcassets */,
			);
			path = "Preview Content";
			sourceTree = "<group>";
		};
		64832AE82C676FF200895A90 /* ViewModel */ = {
			isa = PBXGroup;
			children = (
				6456BB5E2C69217800AE46FD /* StageViewModel.swift */,
				640DF4682C7F7F86005B3342 /* ScoreSystem.swift */,
				64D9B1E82C7625FE00CB11D1 /* CardActions.swift */,
				6472AC362C6B786300F81A82 /* GameViewModel.swift */,
				64D9B1E62C76259000CB11D1 /* EnemyActions.swift */,
				64D9B1EA2C76270000CB11D1 /* PlayerActions.swift */,
			);
			path = ViewModel;
			sourceTree = "<group>";
		};
		64FF8D2E2C6749E30010487C /* Views */ = {
			isa = PBXGroup;
			children = (
				643F04FB2C7A09D300CB9EDF /* Common */,
				6447CDF62C78DB7400F57F46 /* Reward */,
				6447CDF52C78DB5A00F57F46 /* Player */,
				6447CDF42C78DB4200F57F46 /* Enemy */,
				6447CDF32C78DB1A00F57F46 /* Stage */,
			);
			path = Views;
			sourceTree = "<group>";
		};
/* End PBXGroup section */

/* Begin PBXNativeTarget section */
		6476CAA32C666AFE001C664A /* Slay The 11th */ = {
			isa = PBXNativeTarget;
			buildConfigurationList = 6476CAB22C666B01001C664A /* Build configuration list for PBXNativeTarget "Slay The 11th" */;
			buildPhases = (
				6476CAA02C666AFE001C664A /* Sources */,
				6476CAA12C666AFE001C664A /* Frameworks */,
				6476CAA22C666AFE001C664A /* Resources */,
			);
			buildRules = (
			);
			dependencies = (
			);
			name = "Slay The 11th";
			packageProductDependencies = (
				6447CDE72C78660600F57F46 /* NavigationTransitions */,
				640DF4662C7F7A7A005B3342 /* Pow */,
				640DF46D2C7F9878005B3342 /* FirebaseAnalytics */,
				640DF46F2C7F9878005B3342 /* FirebaseAnalyticsOnDeviceConversion */,
				640DF4712C7F9878005B3342 /* FirebaseAnalyticsWithoutAdIdSupport */,
				640DF4732C7F9878005B3342 /* FirebaseAppCheck */,
				640DF4752C7F9878005B3342 /* FirebaseAppDistribution-Beta */,
				640DF4772C7F9878005B3342 /* FirebaseAuth */,
				640DF4792C7F9878005B3342 /* FirebaseAuthCombine-Community */,
				640DF47B2C7F9878005B3342 /* FirebaseCrashlytics */,
				640DF47D2C7F9878005B3342 /* FirebaseDatabase */,
				640DF47F2C7F9878005B3342 /* FirebaseDynamicLinks */,
				640DF4812C7F9878005B3342 /* FirebaseFirestore */,
				640DF4832C7F9878005B3342 /* FirebaseFirestoreCombine-Community */,
				640DF4852C7F9878005B3342 /* FirebaseFunctions */,
				640DF4872C7F9878005B3342 /* FirebaseFunctionsCombine-Community */,
				640DF4892C7F9878005B3342 /* FirebaseInAppMessaging-Beta */,
				640DF48B2C7F9878005B3342 /* FirebaseInstallations */,
				640DF48D2C7F9878005B3342 /* FirebaseMLModelDownloader */,
				640DF48F2C7F9878005B3342 /* FirebaseMessaging */,
				640DF4912C7F9878005B3342 /* FirebasePerformance */,
				640DF4932C7F9878005B3342 /* FirebaseRemoteConfig */,
				640DF4952C7F9878005B3342 /* FirebaseStorage */,
				640DF4972C7F9878005B3342 /* FirebaseStorageCombine-Community */,
				640DF4992C7F9878005B3342 /* FirebaseVertexAI-Preview */,
			);
			productName = "Slay The 11th";
			productReference = 6476CAA42C666AFE001C664A /* Slay The 11th.app */;
			productType = "com.apple.product-type.application";
		};
/* End PBXNativeTarget section */

/* Begin PBXProject section */
		6476CA9C2C666AFE001C664A /* Project object */ = {
			isa = PBXProject;
			attributes = {
				BuildIndependentTargetsInParallel = 1;
				LastSwiftUpdateCheck = 1540;
				LastUpgradeCheck = 1540;
				TargetAttributes = {
					6476CAA32C666AFE001C664A = {
						CreatedOnToolsVersion = 15.4;
					};
				};
			};
			buildConfigurationList = 6476CA9F2C666AFE001C664A /* Build configuration list for PBXProject "Slay The 11th" */;
			compatibilityVersion = "Xcode 14.0";
			developmentRegion = en;
			hasScannedForEncodings = 0;
			knownRegions = (
				en,
				Base,
			);
			mainGroup = 6476CA9B2C666AFE001C664A;
			packageReferences = (
				6447CDE62C78660600F57F46 /* XCRemoteSwiftPackageReference "swiftui-navigation-transitions" */,
				640DF4652C7F7A7A005B3342 /* XCRemoteSwiftPackageReference "Pow" */,
				640DF46C2C7F9878005B3342 /* XCRemoteSwiftPackageReference "firebase-ios-sdk" */,
			);
			productRefGroup = 6476CAA52C666AFE001C664A /* Products */;
			projectDirPath = "";
			projectRoot = "";
			targets = (
				6476CAA32C666AFE001C664A /* Slay The 11th */,
			);
		};
/* End PBXProject section */

/* Begin PBXResourcesBuildPhase section */
		6476CAA22C666AFE001C664A /* Resources */ = {
			isa = PBXResourcesBuildPhase;
			buildActionMask = 2147483647;
			files = (
				6476530D2C7A464300148222 /* stage.mp3 in Resources */,
				6476CAAF2C666B01001C664A /* Preview Assets.xcassets in Resources */,
				647653042C7A247000148222 /* Kreon.ttf in Resources */,
				647653102C7A4BB900148222 /* mainMenu.mp3 in Resources */,
				6476CAAC2C666B01001C664A /* Assets.xcassets in Resources */,
				647653122C7A4CD100148222 /* sfxButton.mp3 in Resources */,
				640DF46B2C7F9756005B3342 /* GoogleService-Info.plist in Resources */,
			);
			runOnlyForDeploymentPostprocessing = 0;
		};
/* End PBXResourcesBuildPhase section */

/* Begin PBXSourcesBuildPhase section */
		6476CAA02C666AFE001C664A /* Sources */ = {
			isa = PBXSourcesBuildPhase;
			buildActionMask = 2147483647;
			files = (
				6476CAA82C666AFE001C664A /* Slay_The_11thApp.swift in Sources */,
				6472AC392C6C5BB400F81A82 /* MainMenuView.swift in Sources */,
				6456EC752C6DFE060037DEA1 /* PlayerZoneView.swift in Sources */,
				640DF4642C7F7A01005B3342 /* VictoryView.swift in Sources */,
				64D9B1E72C76259000CB11D1 /* EnemyActions.swift in Sources */,
				64FF8D272C6735FB0010487C /* Card.swift in Sources */,
				6456EC782C6E05BB0037DEA1 /* Player.swift in Sources */,
				64FF8D2B2C673CA70010487C /* DeckFactory.swift in Sources */,
				64D9B1EB2C76270000CB11D1 /* PlayerActions.swift in Sources */,
				64FF8D292C673C0C0010487C /* CardView.swift in Sources */,
				640DF49F2C7F9A06005B3342 /* FirebaseAPI.swift in Sources */,
				64FF8D2D2C673DB90010487C /* PlayerHandView.swift in Sources */,
				6447CDF02C78D5C900F57F46 /* RewardSelectionOverlay.swift in Sources */,
				64FF8D252C6735EF0010487C /* StageView.swift in Sources */,
				64FF8D372C674ED80010487C /* CharacterBody2D.swift in Sources */,
				64D9B1E92C7625FE00CB11D1 /* CardActions.swift in Sources */,
				6476530B2C7A461000148222 /* AudioManager.swift in Sources */,
				64B71A1D2C74E428009F3987 /* RewardSelectionView.swift in Sources */,
				64B71A1B2C74D670009F3987 /* RewardBoxView.swift in Sources */,
				6447CDEC2C78D5A500F57F46 /* StageHeaderView.swift in Sources */,
				6456BB5F2C69217800AE46FD /* StageViewModel.swift in Sources */,
				6456EC7A2C6E12FF0037DEA1 /* Enemy.swift in Sources */,
				640DF49C2C7F996C005B3342 /* StatisticsView.swift in Sources */,
				643F04FD2C7A09E000CB9EDF /* LoadingScreenView.swift in Sources */,
				64B71A172C74D4C1009F3987 /* Reward.swift in Sources */,
				6472AC372C6B786300F81A82 /* GameViewModel.swift in Sources */,
				640DF4692C7F7F87005B3342 /* ScoreSystem.swift in Sources */,
				6447CDEA2C78D57900F57F46 /* StageContentView.swift in Sources */,
				64FF8D332C674A810010487C /* EnemyZoneView.swift in Sources */,
				6447CDF22C78D5D700F57F46 /* GameOverOverlay.swift in Sources */,
				6447CDEE2C78D5B900F57F46 /* PauseOverlay.swift in Sources */,
				6447CDF82C78DBB700F57F46 /* GameOverView.swift in Sources */,
				6472AC3D2C6C5F2A00F81A82 /* EnemyFactory.swift in Sources */,
			);
			runOnlyForDeploymentPostprocessing = 0;
		};
/* End PBXSourcesBuildPhase section */

/* Begin XCBuildConfiguration section */
		6476CAB02C666B01001C664A /* Debug */ = {
			isa = XCBuildConfiguration;
			buildSettings = {
				ALWAYS_SEARCH_USER_PATHS = NO;
				ASSETCATALOG_COMPILER_GENERATE_SWIFT_ASSET_SYMBOL_EXTENSIONS = YES;
				CLANG_ANALYZER_NONNULL = YES;
				CLANG_ANALYZER_NUMBER_OBJECT_CONVERSION = YES_AGGRESSIVE;
				CLANG_CXX_LANGUAGE_STANDARD = "gnu++20";
				CLANG_ENABLE_MODULES = YES;
				CLANG_ENABLE_OBJC_ARC = YES;
				CLANG_ENABLE_OBJC_WEAK = YES;
				CLANG_WARN_BLOCK_CAPTURE_AUTORELEASING = YES;
				CLANG_WARN_BOOL_CONVERSION = YES;
				CLANG_WARN_COMMA = YES;
				CLANG_WARN_CONSTANT_CONVERSION = YES;
				CLANG_WARN_DEPRECATED_OBJC_IMPLEMENTATIONS = YES;
				CLANG_WARN_DIRECT_OBJC_ISA_USAGE = YES_ERROR;
				CLANG_WARN_DOCUMENTATION_COMMENTS = YES;
				CLANG_WARN_EMPTY_BODY = YES;
				CLANG_WARN_ENUM_CONVERSION = YES;
				CLANG_WARN_INFINITE_RECURSION = YES;
				CLANG_WARN_INT_CONVERSION = YES;
				CLANG_WARN_NON_LITERAL_NULL_CONVERSION = YES;
				CLANG_WARN_OBJC_IMPLICIT_RETAIN_SELF = YES;
				CLANG_WARN_OBJC_LITERAL_CONVERSION = YES;
				CLANG_WARN_OBJC_ROOT_CLASS = YES_ERROR;
				CLANG_WARN_QUOTED_INCLUDE_IN_FRAMEWORK_HEADER = YES;
				CLANG_WARN_RANGE_LOOP_ANALYSIS = YES;
				CLANG_WARN_STRICT_PROTOTYPES = YES;
				CLANG_WARN_SUSPICIOUS_MOVE = YES;
				CLANG_WARN_UNGUARDED_AVAILABILITY = YES_AGGRESSIVE;
				CLANG_WARN_UNREACHABLE_CODE = YES;
				CLANG_WARN__DUPLICATE_METHOD_MATCH = YES;
				COPY_PHASE_STRIP = NO;
				DEBUG_INFORMATION_FORMAT = dwarf;
				ENABLE_STRICT_OBJC_MSGSEND = YES;
				ENABLE_TESTABILITY = YES;
				ENABLE_USER_SCRIPT_SANDBOXING = YES;
				GCC_C_LANGUAGE_STANDARD = gnu17;
				GCC_DYNAMIC_NO_PIC = NO;
				GCC_NO_COMMON_BLOCKS = YES;
				GCC_OPTIMIZATION_LEVEL = 0;
				GCC_PREPROCESSOR_DEFINITIONS = (
					"DEBUG=1",
					"$(inherited)",
				);
				GCC_WARN_64_TO_32_BIT_CONVERSION = YES;
				GCC_WARN_ABOUT_RETURN_TYPE = YES_ERROR;
				GCC_WARN_UNDECLARED_SELECTOR = YES;
				GCC_WARN_UNINITIALIZED_AUTOS = YES_AGGRESSIVE;
				GCC_WARN_UNUSED_FUNCTION = YES;
				GCC_WARN_UNUSED_VARIABLE = YES;
				IPHONEOS_DEPLOYMENT_TARGET = 17.5;
				LOCALIZATION_PREFERS_STRING_CATALOGS = YES;
				MTL_ENABLE_DEBUG_INFO = INCLUDE_SOURCE;
				MTL_FAST_MATH = YES;
				ONLY_ACTIVE_ARCH = YES;
				SDKROOT = iphoneos;
				SWIFT_ACTIVE_COMPILATION_CONDITIONS = "DEBUG $(inherited)";
				SWIFT_OPTIMIZATION_LEVEL = "-Onone";
			};
			name = Debug;
		};
		6476CAB12C666B01001C664A /* Release */ = {
			isa = XCBuildConfiguration;
			buildSettings = {
				ALWAYS_SEARCH_USER_PATHS = NO;
				ASSETCATALOG_COMPILER_GENERATE_SWIFT_ASSET_SYMBOL_EXTENSIONS = YES;
				CLANG_ANALYZER_NONNULL = YES;
				CLANG_ANALYZER_NUMBER_OBJECT_CONVERSION = YES_AGGRESSIVE;
				CLANG_CXX_LANGUAGE_STANDARD = "gnu++20";
				CLANG_ENABLE_MODULES = YES;
				CLANG_ENABLE_OBJC_ARC = YES;
				CLANG_ENABLE_OBJC_WEAK = YES;
				CLANG_WARN_BLOCK_CAPTURE_AUTORELEASING = YES;
				CLANG_WARN_BOOL_CONVERSION = YES;
				CLANG_WARN_COMMA = YES;
				CLANG_WARN_CONSTANT_CONVERSION = YES;
				CLANG_WARN_DEPRECATED_OBJC_IMPLEMENTATIONS = YES;
				CLANG_WARN_DIRECT_OBJC_ISA_USAGE = YES_ERROR;
				CLANG_WARN_DOCUMENTATION_COMMENTS = YES;
				CLANG_WARN_EMPTY_BODY = YES;
				CLANG_WARN_ENUM_CONVERSION = YES;
				CLANG_WARN_INFINITE_RECURSION = YES;
				CLANG_WARN_INT_CONVERSION = YES;
				CLANG_WARN_NON_LITERAL_NULL_CONVERSION = YES;
				CLANG_WARN_OBJC_IMPLICIT_RETAIN_SELF = YES;
				CLANG_WARN_OBJC_LITERAL_CONVERSION = YES;
				CLANG_WARN_OBJC_ROOT_CLASS = YES_ERROR;
				CLANG_WARN_QUOTED_INCLUDE_IN_FRAMEWORK_HEADER = YES;
				CLANG_WARN_RANGE_LOOP_ANALYSIS = YES;
				CLANG_WARN_STRICT_PROTOTYPES = YES;
				CLANG_WARN_SUSPICIOUS_MOVE = YES;
				CLANG_WARN_UNGUARDED_AVAILABILITY = YES_AGGRESSIVE;
				CLANG_WARN_UNREACHABLE_CODE = YES;
				CLANG_WARN__DUPLICATE_METHOD_MATCH = YES;
				COPY_PHASE_STRIP = NO;
				DEBUG_INFORMATION_FORMAT = "dwarf-with-dsym";
				ENABLE_NS_ASSERTIONS = NO;
				ENABLE_STRICT_OBJC_MSGSEND = YES;
				ENABLE_USER_SCRIPT_SANDBOXING = YES;
				GCC_C_LANGUAGE_STANDARD = gnu17;
				GCC_NO_COMMON_BLOCKS = YES;
				GCC_WARN_64_TO_32_BIT_CONVERSION = YES;
				GCC_WARN_ABOUT_RETURN_TYPE = YES_ERROR;
				GCC_WARN_UNDECLARED_SELECTOR = YES;
				GCC_WARN_UNINITIALIZED_AUTOS = YES_AGGRESSIVE;
				GCC_WARN_UNUSED_FUNCTION = YES;
				GCC_WARN_UNUSED_VARIABLE = YES;
				IPHONEOS_DEPLOYMENT_TARGET = 17.5;
				LOCALIZATION_PREFERS_STRING_CATALOGS = YES;
				MTL_ENABLE_DEBUG_INFO = NO;
				MTL_FAST_MATH = YES;
				SDKROOT = iphoneos;
				SWIFT_COMPILATION_MODE = wholemodule;
				VALIDATE_PRODUCT = YES;
			};
			name = Release;
		};
		6476CAB32C666B01001C664A /* Debug */ = {
			isa = XCBuildConfiguration;
			buildSettings = {
				ASSETCATALOG_COMPILER_APPICON_NAME = AppIcon;
				ASSETCATALOG_COMPILER_GLOBAL_ACCENT_COLOR_NAME = AccentColor;
				CODE_SIGN_STYLE = Automatic;
				CURRENT_PROJECT_VERSION = 1;
				DEVELOPMENT_ASSET_PATHS = "\"Slay The 11th/Preview Content\"";
				DEVELOPMENT_TEAM = 68Q6L9T3C3;
				ENABLE_PREVIEWS = YES;
				GENERATE_INFOPLIST_FILE = YES;
				INFOPLIST_FILE = "Slay-The-11th-Info.plist";
				INFOPLIST_KEY_UIApplicationSceneManifest_Generation = YES;
				INFOPLIST_KEY_UIApplicationSupportsIndirectInputEvents = YES;
				INFOPLIST_KEY_UILaunchScreen_Generation = YES;
				INFOPLIST_KEY_UISupportedInterfaceOrientations = UIInterfaceOrientationPortrait;
				LD_RUNPATH_SEARCH_PATHS = (
					"$(inherited)",
					"@executable_path/Frameworks",
				);
				MARKETING_VERSION = 1.0;
				PRODUCT_BUNDLE_IDENTIFIER = "sa.hoang.Slay-The-11th";
				PRODUCT_NAME = "$(TARGET_NAME)";
				SWIFT_EMIT_LOC_STRINGS = YES;
				SWIFT_VERSION = 5.0;
				TARGETED_DEVICE_FAMILY = "1,2";
			};
			name = Debug;
		};
		6476CAB42C666B01001C664A /* Release */ = {
			isa = XCBuildConfiguration;
			buildSettings = {
				ASSETCATALOG_COMPILER_APPICON_NAME = AppIcon;
				ASSETCATALOG_COMPILER_GLOBAL_ACCENT_COLOR_NAME = AccentColor;
				CODE_SIGN_STYLE = Automatic;
				CURRENT_PROJECT_VERSION = 1;
				DEVELOPMENT_ASSET_PATHS = "\"Slay The 11th/Preview Content\"";
				DEVELOPMENT_TEAM = 68Q6L9T3C3;
				ENABLE_PREVIEWS = YES;
				GENERATE_INFOPLIST_FILE = YES;
				INFOPLIST_FILE = "Slay-The-11th-Info.plist";
				INFOPLIST_KEY_UIApplicationSceneManifest_Generation = YES;
				INFOPLIST_KEY_UIApplicationSupportsIndirectInputEvents = YES;
				INFOPLIST_KEY_UILaunchScreen_Generation = YES;
				INFOPLIST_KEY_UISupportedInterfaceOrientations = UIInterfaceOrientationPortrait;
				LD_RUNPATH_SEARCH_PATHS = (
					"$(inherited)",
					"@executable_path/Frameworks",
				);
				MARKETING_VERSION = 1.0;
				PRODUCT_BUNDLE_IDENTIFIER = "sa.hoang.Slay-The-11th";
				PRODUCT_NAME = "$(TARGET_NAME)";
				SWIFT_EMIT_LOC_STRINGS = YES;
				SWIFT_VERSION = 5.0;
				TARGETED_DEVICE_FAMILY = "1,2";
			};
			name = Release;
		};
/* End XCBuildConfiguration section */

/* Begin XCConfigurationList section */
		6476CA9F2C666AFE001C664A /* Build configuration list for PBXProject "Slay The 11th" */ = {
			isa = XCConfigurationList;
			buildConfigurations = (
				6476CAB02C666B01001C664A /* Debug */,
				6476CAB12C666B01001C664A /* Release */,
			);
			defaultConfigurationIsVisible = 0;
			defaultConfigurationName = Release;
		};
		6476CAB22C666B01001C664A /* Build configuration list for PBXNativeTarget "Slay The 11th" */ = {
			isa = XCConfigurationList;
			buildConfigurations = (
				6476CAB32C666B01001C664A /* Debug */,
				6476CAB42C666B01001C664A /* Release */,
			);
			defaultConfigurationIsVisible = 0;
			defaultConfigurationName = Release;
		};
/* End XCConfigurationList section */

/* Begin XCRemoteSwiftPackageReference section */
		640DF4652C7F7A7A005B3342 /* XCRemoteSwiftPackageReference "Pow" */ = {
			isa = XCRemoteSwiftPackageReference;
			repositoryURL = "https://github.com/EmergeTools/Pow";
			requirement = {
				kind = upToNextMajorVersion;
				minimumVersion = 1.0.4;
			};
		};
		640DF46C2C7F9878005B3342 /* XCRemoteSwiftPackageReference "firebase-ios-sdk" */ = {
			isa = XCRemoteSwiftPackageReference;
			repositoryURL = "https://github.com/firebase/firebase-ios-sdk";
			requirement = {
				kind = upToNextMajorVersion;
				minimumVersion = 11.1.0;
			};
		};
		6447CDE62C78660600F57F46 /* XCRemoteSwiftPackageReference "swiftui-navigation-transitions" */ = {
			isa = XCRemoteSwiftPackageReference;
			repositoryURL = "https://github.com/davdroman/swiftui-navigation-transitions";
			requirement = {
				kind = upToNextMajorVersion;
				minimumVersion = 0.13.4;
			};
		};
/* End XCRemoteSwiftPackageReference section */

/* Begin XCSwiftPackageProductDependency section */
		640DF4662C7F7A7A005B3342 /* Pow */ = {
			isa = XCSwiftPackageProductDependency;
			package = 640DF4652C7F7A7A005B3342 /* XCRemoteSwiftPackageReference "Pow" */;
			productName = Pow;
		};
		640DF46D2C7F9878005B3342 /* FirebaseAnalytics */ = {
			isa = XCSwiftPackageProductDependency;
			package = 640DF46C2C7F9878005B3342 /* XCRemoteSwiftPackageReference "firebase-ios-sdk" */;
			productName = FirebaseAnalytics;
		};
		640DF46F2C7F9878005B3342 /* FirebaseAnalyticsOnDeviceConversion */ = {
			isa = XCSwiftPackageProductDependency;
			package = 640DF46C2C7F9878005B3342 /* XCRemoteSwiftPackageReference "firebase-ios-sdk" */;
			productName = FirebaseAnalyticsOnDeviceConversion;
		};
		640DF4712C7F9878005B3342 /* FirebaseAnalyticsWithoutAdIdSupport */ = {
			isa = XCSwiftPackageProductDependency;
			package = 640DF46C2C7F9878005B3342 /* XCRemoteSwiftPackageReference "firebase-ios-sdk" */;
			productName = FirebaseAnalyticsWithoutAdIdSupport;
		};
		640DF4732C7F9878005B3342 /* FirebaseAppCheck */ = {
			isa = XCSwiftPackageProductDependency;
			package = 640DF46C2C7F9878005B3342 /* XCRemoteSwiftPackageReference "firebase-ios-sdk" */;
			productName = FirebaseAppCheck;
		};
		640DF4752C7F9878005B3342 /* FirebaseAppDistribution-Beta */ = {
			isa = XCSwiftPackageProductDependency;
			package = 640DF46C2C7F9878005B3342 /* XCRemoteSwiftPackageReference "firebase-ios-sdk" */;
			productName = "FirebaseAppDistribution-Beta";
		};
		640DF4772C7F9878005B3342 /* FirebaseAuth */ = {
			isa = XCSwiftPackageProductDependency;
			package = 640DF46C2C7F9878005B3342 /* XCRemoteSwiftPackageReference "firebase-ios-sdk" */;
			productName = FirebaseAuth;
		};
		640DF4792C7F9878005B3342 /* FirebaseAuthCombine-Community */ = {
			isa = XCSwiftPackageProductDependency;
			package = 640DF46C2C7F9878005B3342 /* XCRemoteSwiftPackageReference "firebase-ios-sdk" */;
			productName = "FirebaseAuthCombine-Community";
		};
		640DF47B2C7F9878005B3342 /* FirebaseCrashlytics */ = {
			isa = XCSwiftPackageProductDependency;
			package = 640DF46C2C7F9878005B3342 /* XCRemoteSwiftPackageReference "firebase-ios-sdk" */;
			productName = FirebaseCrashlytics;
		};
		640DF47D2C7F9878005B3342 /* FirebaseDatabase */ = {
			isa = XCSwiftPackageProductDependency;
			package = 640DF46C2C7F9878005B3342 /* XCRemoteSwiftPackageReference "firebase-ios-sdk" */;
			productName = FirebaseDatabase;
		};
		640DF47F2C7F9878005B3342 /* FirebaseDynamicLinks */ = {
			isa = XCSwiftPackageProductDependency;
			package = 640DF46C2C7F9878005B3342 /* XCRemoteSwiftPackageReference "firebase-ios-sdk" */;
			productName = FirebaseDynamicLinks;
		};
		640DF4812C7F9878005B3342 /* FirebaseFirestore */ = {
			isa = XCSwiftPackageProductDependency;
			package = 640DF46C2C7F9878005B3342 /* XCRemoteSwiftPackageReference "firebase-ios-sdk" */;
			productName = FirebaseFirestore;
		};
		640DF4832C7F9878005B3342 /* FirebaseFirestoreCombine-Community */ = {
			isa = XCSwiftPackageProductDependency;
			package = 640DF46C2C7F9878005B3342 /* XCRemoteSwiftPackageReference "firebase-ios-sdk" */;
			productName = "FirebaseFirestoreCombine-Community";
		};
		640DF4852C7F9878005B3342 /* FirebaseFunctions */ = {
			isa = XCSwiftPackageProductDependency;
			package = 640DF46C2C7F9878005B3342 /* XCRemoteSwiftPackageReference "firebase-ios-sdk" */;
			productName = FirebaseFunctions;
		};
		640DF4872C7F9878005B3342 /* FirebaseFunctionsCombine-Community */ = {
			isa = XCSwiftPackageProductDependency;
			package = 640DF46C2C7F9878005B3342 /* XCRemoteSwiftPackageReference "firebase-ios-sdk" */;
			productName = "FirebaseFunctionsCombine-Community";
		};
		640DF4892C7F9878005B3342 /* FirebaseInAppMessaging-Beta */ = {
			isa = XCSwiftPackageProductDependency;
			package = 640DF46C2C7F9878005B3342 /* XCRemoteSwiftPackageReference "firebase-ios-sdk" */;
			productName = "FirebaseInAppMessaging-Beta";
		};
		640DF48B2C7F9878005B3342 /* FirebaseInstallations */ = {
			isa = XCSwiftPackageProductDependency;
			package = 640DF46C2C7F9878005B3342 /* XCRemoteSwiftPackageReference "firebase-ios-sdk" */;
			productName = FirebaseInstallations;
		};
		640DF48D2C7F9878005B3342 /* FirebaseMLModelDownloader */ = {
			isa = XCSwiftPackageProductDependency;
			package = 640DF46C2C7F9878005B3342 /* XCRemoteSwiftPackageReference "firebase-ios-sdk" */;
			productName = FirebaseMLModelDownloader;
		};
		640DF48F2C7F9878005B3342 /* FirebaseMessaging */ = {
			isa = XCSwiftPackageProductDependency;
			package = 640DF46C2C7F9878005B3342 /* XCRemoteSwiftPackageReference "firebase-ios-sdk" */;
			productName = FirebaseMessaging;
		};
		640DF4912C7F9878005B3342 /* FirebasePerformance */ = {
			isa = XCSwiftPackageProductDependency;
			package = 640DF46C2C7F9878005B3342 /* XCRemoteSwiftPackageReference "firebase-ios-sdk" */;
			productName = FirebasePerformance;
		};
		640DF4932C7F9878005B3342 /* FirebaseRemoteConfig */ = {
			isa = XCSwiftPackageProductDependency;
			package = 640DF46C2C7F9878005B3342 /* XCRemoteSwiftPackageReference "firebase-ios-sdk" */;
			productName = FirebaseRemoteConfig;
		};
		640DF4952C7F9878005B3342 /* FirebaseStorage */ = {
			isa = XCSwiftPackageProductDependency;
			package = 640DF46C2C7F9878005B3342 /* XCRemoteSwiftPackageReference "firebase-ios-sdk" */;
			productName = FirebaseStorage;
		};
		640DF4972C7F9878005B3342 /* FirebaseStorageCombine-Community */ = {
			isa = XCSwiftPackageProductDependency;
			package = 640DF46C2C7F9878005B3342 /* XCRemoteSwiftPackageReference "firebase-ios-sdk" */;
			productName = "FirebaseStorageCombine-Community";
		};
		640DF4992C7F9878005B3342 /* FirebaseVertexAI-Preview */ = {
			isa = XCSwiftPackageProductDependency;
			package = 640DF46C2C7F9878005B3342 /* XCRemoteSwiftPackageReference "firebase-ios-sdk" */;
			productName = "FirebaseVertexAI-Preview";
		};
		6447CDE72C78660600F57F46 /* NavigationTransitions */ = {
			isa = XCSwiftPackageProductDependency;
			package = 6447CDE62C78660600F57F46 /* XCRemoteSwiftPackageReference "swiftui-navigation-transitions" */;
			productName = NavigationTransitions;
		};
/* End XCSwiftPackageProductDependency section */
	};
	rootObject = 6476CA9C2C666AFE001C664A /* Project object */;
}
