// !$*UTF8*$!
{
	archiveVersion = 1;
	classes = {
	};
	objectVersion = 56;
	objects = {

/* Begin PBXBuildFile section */
		6447CDE12C7852DE00F57F46 /* GameOverView.swift in Sources */ = {isa = PBXBuildFile; fileRef = 6447CDE02C7852DE00F57F46 /* GameOverView.swift */; };
		6447CDE52C785FBE00F57F46 /* BlackOutTransition.swift in Sources */ = {isa = PBXBuildFile; fileRef = 6447CDE42C785FBE00F57F46 /* BlackOutTransition.swift */; };
		6456BB5F2C69217800AE46FD /* StageViewModel.swift in Sources */ = {isa = PBXBuildFile; fileRef = 6456BB5E2C69217800AE46FD /* StageViewModel.swift */; };
		6456EC752C6DFE060037DEA1 /* PlayerZoneView.swift in Sources */ = {isa = PBXBuildFile; fileRef = 6456EC742C6DFE060037DEA1 /* PlayerZoneView.swift */; };
		6456EC782C6E05BB0037DEA1 /* Player.swift in Sources */ = {isa = PBXBuildFile; fileRef = 6456EC772C6E05BB0037DEA1 /* Player.swift */; };
		6456EC7A2C6E12FF0037DEA1 /* Enemy.swift in Sources */ = {isa = PBXBuildFile; fileRef = 6456EC792C6E12FF0037DEA1 /* Enemy.swift */; };
		6472AC372C6B786300F81A82 /* GameViewModel.swift in Sources */ = {isa = PBXBuildFile; fileRef = 6472AC362C6B786300F81A82 /* GameViewModel.swift */; };
		6472AC392C6C5BB400F81A82 /* MainMenuView.swift in Sources */ = {isa = PBXBuildFile; fileRef = 6472AC382C6C5BB400F81A82 /* MainMenuView.swift */; };
		6472AC3D2C6C5F2A00F81A82 /* EnemyFactory.swift in Sources */ = {isa = PBXBuildFile; fileRef = 6472AC3C2C6C5F2900F81A82 /* EnemyFactory.swift */; };
		6476CAA82C666AFE001C664A /* Slay_The_11thApp.swift in Sources */ = {isa = PBXBuildFile; fileRef = 6476CAA72C666AFE001C664A /* Slay_The_11thApp.swift */; };
		6476CAAC2C666B01001C664A /* Assets.xcassets in Resources */ = {isa = PBXBuildFile; fileRef = 6476CAAB2C666B01001C664A /* Assets.xcassets */; };
		6476CAAF2C666B01001C664A /* Preview Assets.xcassets in Resources */ = {isa = PBXBuildFile; fileRef = 6476CAAE2C666B01001C664A /* Preview Assets.xcassets */; };
		64B71A172C74D4C1009F3987 /* Reward.swift in Sources */ = {isa = PBXBuildFile; fileRef = 64B71A162C74D4C1009F3987 /* Reward.swift */; };
		64B71A1B2C74D670009F3987 /* RewardBoxView.swift in Sources */ = {isa = PBXBuildFile; fileRef = 64B71A1A2C74D670009F3987 /* RewardBoxView.swift */; };
		64B71A1D2C74E428009F3987 /* RewardSelectionView.swift in Sources */ = {isa = PBXBuildFile; fileRef = 64B71A1C2C74E428009F3987 /* RewardSelectionView.swift */; };
		64D9B1E72C76259000CB11D1 /* EnemyActions.swift in Sources */ = {isa = PBXBuildFile; fileRef = 64D9B1E62C76259000CB11D1 /* EnemyActions.swift */; };
		64D9B1E92C7625FE00CB11D1 /* CardActions.swift in Sources */ = {isa = PBXBuildFile; fileRef = 64D9B1E82C7625FE00CB11D1 /* CardActions.swift */; };
		64D9B1EB2C76270000CB11D1 /* PlayerActions.swift in Sources */ = {isa = PBXBuildFile; fileRef = 64D9B1EA2C76270000CB11D1 /* PlayerActions.swift */; };
		64FF8D252C6735EF0010487C /* StageView.swift in Sources */ = {isa = PBXBuildFile; fileRef = 64FF8D242C6735EF0010487C /* StageView.swift */; };
		64FF8D272C6735FB0010487C /* Card.swift in Sources */ = {isa = PBXBuildFile; fileRef = 64FF8D262C6735FB0010487C /* Card.swift */; };
		64FF8D292C673C0C0010487C /* CardView.swift in Sources */ = {isa = PBXBuildFile; fileRef = 64FF8D282C673C0C0010487C /* CardView.swift */; };
		64FF8D2B2C673CA70010487C /* DeckFactory.swift in Sources */ = {isa = PBXBuildFile; fileRef = 64FF8D2A2C673CA70010487C /* DeckFactory.swift */; };
		64FF8D2D2C673DB90010487C /* PlayerHandView.swift in Sources */ = {isa = PBXBuildFile; fileRef = 64FF8D2C2C673DB80010487C /* PlayerHandView.swift */; };
		64FF8D332C674A810010487C /* EnemyZoneView.swift in Sources */ = {isa = PBXBuildFile; fileRef = 64FF8D322C674A810010487C /* EnemyZoneView.swift */; };
		64FF8D372C674ED80010487C /* CharacterBody2D.swift in Sources */ = {isa = PBXBuildFile; fileRef = 64FF8D362C674ED80010487C /* CharacterBody2D.swift */; };
/* End PBXBuildFile section */

/* Begin PBXFileReference section */
		6447CDE02C7852DE00F57F46 /* GameOverView.swift */ = {isa = PBXFileReference; lastKnownFileType = sourcecode.swift; path = GameOverView.swift; sourceTree = "<group>"; };
		6447CDE42C785FBE00F57F46 /* BlackOutTransition.swift */ = {isa = PBXFileReference; lastKnownFileType = sourcecode.swift; path = BlackOutTransition.swift; sourceTree = "<group>"; };
		6456BB5D2C690FB900AE46FD /* Slay-The-11th-Info.plist */ = {isa = PBXFileReference; lastKnownFileType = text.plist; path = "Slay-The-11th-Info.plist"; sourceTree = SOURCE_ROOT; };
		6456BB5E2C69217800AE46FD /* StageViewModel.swift */ = {isa = PBXFileReference; lastKnownFileType = sourcecode.swift; path = StageViewModel.swift; sourceTree = "<group>"; };
		6456EC742C6DFE060037DEA1 /* PlayerZoneView.swift */ = {isa = PBXFileReference; lastKnownFileType = sourcecode.swift; path = PlayerZoneView.swift; sourceTree = "<group>"; };
		6456EC772C6E05BB0037DEA1 /* Player.swift */ = {isa = PBXFileReference; lastKnownFileType = sourcecode.swift; path = Player.swift; sourceTree = "<group>"; };
		6456EC792C6E12FF0037DEA1 /* Enemy.swift */ = {isa = PBXFileReference; lastKnownFileType = sourcecode.swift; path = Enemy.swift; sourceTree = "<group>"; };
		6472AC362C6B786300F81A82 /* GameViewModel.swift */ = {isa = PBXFileReference; lastKnownFileType = sourcecode.swift; path = GameViewModel.swift; sourceTree = "<group>"; };
		6472AC382C6C5BB400F81A82 /* MainMenuView.swift */ = {isa = PBXFileReference; lastKnownFileType = sourcecode.swift; path = MainMenuView.swift; sourceTree = "<group>"; };
		6472AC3C2C6C5F2900F81A82 /* EnemyFactory.swift */ = {isa = PBXFileReference; lastKnownFileType = sourcecode.swift; path = EnemyFactory.swift; sourceTree = "<group>"; };
		6476CAA42C666AFE001C664A /* Slay The 11th.app */ = {isa = PBXFileReference; explicitFileType = wrapper.application; includeInIndex = 0; path = "Slay The 11th.app"; sourceTree = BUILT_PRODUCTS_DIR; };
		6476CAA72C666AFE001C664A /* Slay_The_11thApp.swift */ = {isa = PBXFileReference; lastKnownFileType = sourcecode.swift; path = Slay_The_11thApp.swift; sourceTree = "<group>"; };
		6476CAAB2C666B01001C664A /* Assets.xcassets */ = {isa = PBXFileReference; lastKnownFileType = folder.assetcatalog; path = Assets.xcassets; sourceTree = "<group>"; };
		6476CAAE2C666B01001C664A /* Preview Assets.xcassets */ = {isa = PBXFileReference; lastKnownFileType = folder.assetcatalog; path = "Preview Assets.xcassets"; sourceTree = "<group>"; };
		64B71A162C74D4C1009F3987 /* Reward.swift */ = {isa = PBXFileReference; lastKnownFileType = sourcecode.swift; path = Reward.swift; sourceTree = "<group>"; };
		64B71A1A2C74D670009F3987 /* RewardBoxView.swift */ = {isa = PBXFileReference; lastKnownFileType = sourcecode.swift; path = RewardBoxView.swift; sourceTree = "<group>"; };
		64B71A1C2C74E428009F3987 /* RewardSelectionView.swift */ = {isa = PBXFileReference; lastKnownFileType = sourcecode.swift; path = RewardSelectionView.swift; sourceTree = "<group>"; };
		64D9B1E62C76259000CB11D1 /* EnemyActions.swift */ = {isa = PBXFileReference; lastKnownFileType = sourcecode.swift; path = EnemyActions.swift; sourceTree = "<group>"; };
		64D9B1E82C7625FE00CB11D1 /* CardActions.swift */ = {isa = PBXFileReference; lastKnownFileType = sourcecode.swift; path = CardActions.swift; sourceTree = "<group>"; };
		64D9B1EA2C76270000CB11D1 /* PlayerActions.swift */ = {isa = PBXFileReference; lastKnownFileType = sourcecode.swift; path = PlayerActions.swift; sourceTree = "<group>"; };
		64FF8D242C6735EF0010487C /* StageView.swift */ = {isa = PBXFileReference; lastKnownFileType = sourcecode.swift; path = StageView.swift; sourceTree = "<group>"; };
		64FF8D262C6735FB0010487C /* Card.swift */ = {isa = PBXFileReference; lastKnownFileType = sourcecode.swift; path = Card.swift; sourceTree = "<group>"; };
		64FF8D282C673C0C0010487C /* CardView.swift */ = {isa = PBXFileReference; lastKnownFileType = sourcecode.swift; path = CardView.swift; sourceTree = "<group>"; };
		64FF8D2A2C673CA70010487C /* DeckFactory.swift */ = {isa = PBXFileReference; lastKnownFileType = sourcecode.swift; path = DeckFactory.swift; sourceTree = "<group>"; };
		64FF8D2C2C673DB80010487C /* PlayerHandView.swift */ = {isa = PBXFileReference; lastKnownFileType = sourcecode.swift; path = PlayerHandView.swift; sourceTree = "<group>"; };
		64FF8D322C674A810010487C /* EnemyZoneView.swift */ = {isa = PBXFileReference; lastKnownFileType = sourcecode.swift; path = EnemyZoneView.swift; sourceTree = "<group>"; };
		64FF8D362C674ED80010487C /* CharacterBody2D.swift */ = {isa = PBXFileReference; lastKnownFileType = sourcecode.swift; path = CharacterBody2D.swift; sourceTree = "<group>"; };
/* End PBXFileReference section */

/* Begin PBXFrameworksBuildPhase section */
		6476CAA12C666AFE001C664A /* Frameworks */ = {
			isa = PBXFrameworksBuildPhase;
			buildActionMask = 2147483647;
			files = (
			);
			runOnlyForDeploymentPostprocessing = 0;
		};
/* End PBXFrameworksBuildPhase section */

/* Begin PBXGroup section */
		6456EC762C6E05960037DEA1 /* Model */ = {
			isa = PBXGroup;
			children = (
				64FF8D262C6735FB0010487C /* Card.swift */,
				6456EC772C6E05BB0037DEA1 /* Player.swift */,
				6456EC792C6E12FF0037DEA1 /* Enemy.swift */,
				64B71A162C74D4C1009F3987 /* Reward.swift */,
			);
			path = Model;
			sourceTree = "<group>";
		};
		6476CA9B2C666AFE001C664A = {
			isa = PBXGroup;
			children = (
				6476CAA62C666AFE001C664A /* Slay The 11th */,
				6476CAA52C666AFE001C664A /* Products */,
			);
			sourceTree = "<group>";
		};
		6476CAA52C666AFE001C664A /* Products */ = {
			isa = PBXGroup;
			children = (
				6476CAA42C666AFE001C664A /* Slay The 11th.app */,
			);
			name = Products;
			sourceTree = "<group>";
		};
		6476CAA62C666AFE001C664A /* Slay The 11th */ = {
			isa = PBXGroup;
			children = (
				6456BB5D2C690FB900AE46FD /* Slay-The-11th-Info.plist */,
				6456EC762C6E05960037DEA1 /* Model */,
				64832AE82C676FF200895A90 /* ViewModel */,
				64FF8D2E2C6749E30010487C /* Views */,
				6476CAA72C666AFE001C664A /* Slay_The_11thApp.swift */,
				6476CAAB2C666B01001C664A /* Assets.xcassets */,
				6476CAAD2C666B01001C664A /* Preview Content */,
				64FF8D242C6735EF0010487C /* StageView.swift */,
				6472AC382C6C5BB400F81A82 /* MainMenuView.swift */,
				64B71A1C2C74E428009F3987 /* RewardSelectionView.swift */,
				64FF8D282C673C0C0010487C /* CardView.swift */,
				6447CDE02C7852DE00F57F46 /* GameOverView.swift */,
				6447CDE42C785FBE00F57F46 /* BlackOutTransition.swift */,
				64FF8D2A2C673CA70010487C /* DeckFactory.swift */,
				64FF8D2C2C673DB80010487C /* PlayerHandView.swift */,
				64FF8D322C674A810010487C /* EnemyZoneView.swift */,
				64B71A1A2C74D670009F3987 /* RewardBoxView.swift */,
				64FF8D362C674ED80010487C /* CharacterBody2D.swift */,
				6456EC742C6DFE060037DEA1 /* PlayerZoneView.swift */,
				6472AC3C2C6C5F2900F81A82 /* EnemyFactory.swift */,
			);
			path = "Slay The 11th";
			sourceTree = "<group>";
		};
		6476CAAD2C666B01001C664A /* Preview Content */ = {
			isa = PBXGroup;
			children = (
				6476CAAE2C666B01001C664A /* Preview Assets.xcassets */,
			);
			path = "Preview Content";
			sourceTree = "<group>";
		};
		64832AE82C676FF200895A90 /* ViewModel */ = {
			isa = PBXGroup;
			children = (
				6456BB5E2C69217800AE46FD /* StageViewModel.swift */,
				64D9B1E82C7625FE00CB11D1 /* CardActions.swift */,
				6472AC362C6B786300F81A82 /* GameViewModel.swift */,
				64D9B1E62C76259000CB11D1 /* EnemyActions.swift */,
				64D9B1EA2C76270000CB11D1 /* PlayerActions.swift */,
			);
			path = ViewModel;
			sourceTree = "<group>";
		};
		64FF8D2E2C6749E30010487C /* Views */ = {
			isa = PBXGroup;
			children = (
				64FF8D2F2C6749E90010487C /* Common */,
			);
			path = Views;
			sourceTree = "<group>";
		};
		64FF8D2F2C6749E90010487C /* Common */ = {
			isa = PBXGroup;
			children = (
			);
			path = Common;
			sourceTree = "<group>";
		};
/* End PBXGroup section */

/* Begin PBXNativeTarget section */
		6476CAA32C666AFE001C664A /* Slay The 11th */ = {
			isa = PBXNativeTarget;
			buildConfigurationList = 6476CAB22C666B01001C664A /* Build configuration list for PBXNativeTarget "Slay The 11th" */;
			buildPhases = (
				6476CAA02C666AFE001C664A /* Sources */,
				6476CAA12C666AFE001C664A /* Frameworks */,
				6476CAA22C666AFE001C664A /* Resources */,
			);
			buildRules = (
			);
			dependencies = (
			);
			name = "Slay The 11th";
			productName = "Slay The 11th";
			productReference = 6476CAA42C666AFE001C664A /* Slay The 11th.app */;
			productType = "com.apple.product-type.application";
		};
/* End PBXNativeTarget section */

/* Begin PBXProject section */
		6476CA9C2C666AFE001C664A /* Project object */ = {
			isa = PBXProject;
			attributes = {
				BuildIndependentTargetsInParallel = 1;
				LastSwiftUpdateCheck = 1540;
				LastUpgradeCheck = 1540;
				TargetAttributes = {
					6476CAA32C666AFE001C664A = {
						CreatedOnToolsVersion = 15.4;
					};
				};
			};
			buildConfigurationList = 6476CA9F2C666AFE001C664A /* Build configuration list for PBXProject "Slay The 11th" */;
			compatibilityVersion = "Xcode 14.0";
			developmentRegion = en;
			hasScannedForEncodings = 0;
			knownRegions = (
				en,
				Base,
			);
			mainGroup = 6476CA9B2C666AFE001C664A;
			productRefGroup = 6476CAA52C666AFE001C664A /* Products */;
			projectDirPath = "";
			projectRoot = "";
			targets = (
				6476CAA32C666AFE001C664A /* Slay The 11th */,
			);
		};
/* End PBXProject section */

/* Begin PBXResourcesBuildPhase section */
		6476CAA22C666AFE001C664A /* Resources */ = {
			isa = PBXResourcesBuildPhase;
			buildActionMask = 2147483647;
			files = (
				6476CAAF2C666B01001C664A /* Preview Assets.xcassets in Resources */,
				6476CAAC2C666B01001C664A /* Assets.xcassets in Resources */,
			);
			runOnlyForDeploymentPostprocessing = 0;
		};
/* End PBXResourcesBuildPhase section */

/* Begin PBXSourcesBuildPhase section */
		6476CAA02C666AFE001C664A /* Sources */ = {
			isa = PBXSourcesBuildPhase;
			buildActionMask = 2147483647;
			files = (
				6476CAA82C666AFE001C664A /* Slay_The_11thApp.swift in Sources */,
				6472AC392C6C5BB400F81A82 /* MainMenuView.swift in Sources */,
				6456EC752C6DFE060037DEA1 /* PlayerZoneView.swift in Sources */,
				64D9B1E72C76259000CB11D1 /* EnemyActions.swift in Sources */,
				64FF8D272C6735FB0010487C /* Card.swift in Sources */,
				6456EC782C6E05BB0037DEA1 /* Player.swift in Sources */,
				64FF8D2B2C673CA70010487C /* DeckFactory.swift in Sources */,
				64D9B1EB2C76270000CB11D1 /* PlayerActions.swift in Sources */,
				64FF8D292C673C0C0010487C /* CardView.swift in Sources */,
				64FF8D2D2C673DB90010487C /* PlayerHandView.swift in Sources */,
				6447CDE52C785FBE00F57F46 /* BlackOutTransition.swift in Sources */,
				64FF8D252C6735EF0010487C /* StageView.swift in Sources */,
				64FF8D372C674ED80010487C /* CharacterBody2D.swift in Sources */,
				6447CDE12C7852DE00F57F46 /* GameOverView.swift in Sources */,
				64D9B1E92C7625FE00CB11D1 /* CardActions.swift in Sources */,
				64B71A1D2C74E428009F3987 /* RewardSelectionView.swift in Sources */,
				64B71A1B2C74D670009F3987 /* RewardBoxView.swift in Sources */,
				6456BB5F2C69217800AE46FD /* StageViewModel.swift in Sources */,
				6456EC7A2C6E12FF0037DEA1 /* Enemy.swift in Sources */,
				64B71A172C74D4C1009F3987 /* Reward.swift in Sources */,
				6472AC372C6B786300F81A82 /* GameViewModel.swift in Sources */,
				64FF8D332C674A810010487C /* EnemyZoneView.swift in Sources */,
				6472AC3D2C6C5F2A00F81A82 /* EnemyFactory.swift in Sources */,
			);
			runOnlyForDeploymentPostprocessing = 0;
		};
/* End PBXSourcesBuildPhase section */

/* Begin XCBuildConfiguration section */
		6476CAB02C666B01001C664A /* Debug */ = {
			isa = XCBuildConfiguration;
			buildSettings = {
				ALWAYS_SEARCH_USER_PATHS = NO;
				ASSETCATALOG_COMPILER_GENERATE_SWIFT_ASSET_SYMBOL_EXTENSIONS = YES;
				CLANG_ANALYZER_NONNULL = YES;
				CLANG_ANALYZER_NUMBER_OBJECT_CONVERSION = YES_AGGRESSIVE;
				CLANG_CXX_LANGUAGE_STANDARD = "gnu++20";
				CLANG_ENABLE_MODULES = YES;
				CLANG_ENABLE_OBJC_ARC = YES;
				CLANG_ENABLE_OBJC_WEAK = YES;
				CLANG_WARN_BLOCK_CAPTURE_AUTORELEASING = YES;
				CLANG_WARN_BOOL_CONVERSION = YES;
				CLANG_WARN_COMMA = YES;
				CLANG_WARN_CONSTANT_CONVERSION = YES;
				CLANG_WARN_DEPRECATED_OBJC_IMPLEMENTATIONS = YES;
				CLANG_WARN_DIRECT_OBJC_ISA_USAGE = YES_ERROR;
				CLANG_WARN_DOCUMENTATION_COMMENTS = YES;
				CLANG_WARN_EMPTY_BODY = YES;
				CLANG_WARN_ENUM_CONVERSION = YES;
				CLANG_WARN_INFINITE_RECURSION = YES;
				CLANG_WARN_INT_CONVERSION = YES;
				CLANG_WARN_NON_LITERAL_NULL_CONVERSION = YES;
				CLANG_WARN_OBJC_IMPLICIT_RETAIN_SELF = YES;
				CLANG_WARN_OBJC_LITERAL_CONVERSION = YES;
				CLANG_WARN_OBJC_ROOT_CLASS = YES_ERROR;
				CLANG_WARN_QUOTED_INCLUDE_IN_FRAMEWORK_HEADER = YES;
				CLANG_WARN_RANGE_LOOP_ANALYSIS = YES;
				CLANG_WARN_STRICT_PROTOTYPES = YES;
				CLANG_WARN_SUSPICIOUS_MOVE = YES;
				CLANG_WARN_UNGUARDED_AVAILABILITY = YES_AGGRESSIVE;
				CLANG_WARN_UNREACHABLE_CODE = YES;
				CLANG_WARN__DUPLICATE_METHOD_MATCH = YES;
				COPY_PHASE_STRIP = NO;
				DEBUG_INFORMATION_FORMAT = dwarf;
				ENABLE_STRICT_OBJC_MSGSEND = YES;
				ENABLE_TESTABILITY = YES;
				ENABLE_USER_SCRIPT_SANDBOXING = YES;
				GCC_C_LANGUAGE_STANDARD = gnu17;
				GCC_DYNAMIC_NO_PIC = NO;
				GCC_NO_COMMON_BLOCKS = YES;
				GCC_OPTIMIZATION_LEVEL = 0;
				GCC_PREPROCESSOR_DEFINITIONS = (
					"DEBUG=1",
					"$(inherited)",
				);
				GCC_WARN_64_TO_32_BIT_CONVERSION = YES;
				GCC_WARN_ABOUT_RETURN_TYPE = YES_ERROR;
				GCC_WARN_UNDECLARED_SELECTOR = YES;
				GCC_WARN_UNINITIALIZED_AUTOS = YES_AGGRESSIVE;
				GCC_WARN_UNUSED_FUNCTION = YES;
				GCC_WARN_UNUSED_VARIABLE = YES;
				IPHONEOS_DEPLOYMENT_TARGET = 17.5;
				LOCALIZATION_PREFERS_STRING_CATALOGS = YES;
				MTL_ENABLE_DEBUG_INFO = INCLUDE_SOURCE;
				MTL_FAST_MATH = YES;
				ONLY_ACTIVE_ARCH = YES;
				SDKROOT = iphoneos;
				SWIFT_ACTIVE_COMPILATION_CONDITIONS = "DEBUG $(inherited)";
				SWIFT_OPTIMIZATION_LEVEL = "-Onone";
			};
			name = Debug;
		};
		6476CAB12C666B01001C664A /* Release */ = {
			isa = XCBuildConfiguration;
			buildSettings = {
				ALWAYS_SEARCH_USER_PATHS = NO;
				ASSETCATALOG_COMPILER_GENERATE_SWIFT_ASSET_SYMBOL_EXTENSIONS = YES;
				CLANG_ANALYZER_NONNULL = YES;
				CLANG_ANALYZER_NUMBER_OBJECT_CONVERSION = YES_AGGRESSIVE;
				CLANG_CXX_LANGUAGE_STANDARD = "gnu++20";
				CLANG_ENABLE_MODULES = YES;
				CLANG_ENABLE_OBJC_ARC = YES;
				CLANG_ENABLE_OBJC_WEAK = YES;
				CLANG_WARN_BLOCK_CAPTURE_AUTORELEASING = YES;
				CLANG_WARN_BOOL_CONVERSION = YES;
				CLANG_WARN_COMMA = YES;
				CLANG_WARN_CONSTANT_CONVERSION = YES;
				CLANG_WARN_DEPRECATED_OBJC_IMPLEMENTATIONS = YES;
				CLANG_WARN_DIRECT_OBJC_ISA_USAGE = YES_ERROR;
				CLANG_WARN_DOCUMENTATION_COMMENTS = YES;
				CLANG_WARN_EMPTY_BODY = YES;
				CLANG_WARN_ENUM_CONVERSION = YES;
				CLANG_WARN_INFINITE_RECURSION = YES;
				CLANG_WARN_INT_CONVERSION = YES;
				CLANG_WARN_NON_LITERAL_NULL_CONVERSION = YES;
				CLANG_WARN_OBJC_IMPLICIT_RETAIN_SELF = YES;
				CLANG_WARN_OBJC_LITERAL_CONVERSION = YES;
				CLANG_WARN_OBJC_ROOT_CLASS = YES_ERROR;
				CLANG_WARN_QUOTED_INCLUDE_IN_FRAMEWORK_HEADER = YES;
				CLANG_WARN_RANGE_LOOP_ANALYSIS = YES;
				CLANG_WARN_STRICT_PROTOTYPES = YES;
				CLANG_WARN_SUSPICIOUS_MOVE = YES;
				CLANG_WARN_UNGUARDED_AVAILABILITY = YES_AGGRESSIVE;
				CLANG_WARN_UNREACHABLE_CODE = YES;
				CLANG_WARN__DUPLICATE_METHOD_MATCH = YES;
				COPY_PHASE_STRIP = NO;
				DEBUG_INFORMATION_FORMAT = "dwarf-with-dsym";
				ENABLE_NS_ASSERTIONS = NO;
				ENABLE_STRICT_OBJC_MSGSEND = YES;
				ENABLE_USER_SCRIPT_SANDBOXING = YES;
				GCC_C_LANGUAGE_STANDARD = gnu17;
				GCC_NO_COMMON_BLOCKS = YES;
				GCC_WARN_64_TO_32_BIT_CONVERSION = YES;
				GCC_WARN_ABOUT_RETURN_TYPE = YES_ERROR;
				GCC_WARN_UNDECLARED_SELECTOR = YES;
				GCC_WARN_UNINITIALIZED_AUTOS = YES_AGGRESSIVE;
				GCC_WARN_UNUSED_FUNCTION = YES;
				GCC_WARN_UNUSED_VARIABLE = YES;
				IPHONEOS_DEPLOYMENT_TARGET = 17.5;
				LOCALIZATION_PREFERS_STRING_CATALOGS = YES;
				MTL_ENABLE_DEBUG_INFO = NO;
				MTL_FAST_MATH = YES;
				SDKROOT = iphoneos;
				SWIFT_COMPILATION_MODE = wholemodule;
				VALIDATE_PRODUCT = YES;
			};
			name = Release;
		};
		6476CAB32C666B01001C664A /* Debug */ = {
			isa = XCBuildConfiguration;
			buildSettings = {
				ASSETCATALOG_COMPILER_APPICON_NAME = AppIcon;
				ASSETCATALOG_COMPILER_GLOBAL_ACCENT_COLOR_NAME = AccentColor;
				CODE_SIGN_STYLE = Automatic;
				CURRENT_PROJECT_VERSION = 1;
				DEVELOPMENT_ASSET_PATHS = "\"Slay The 11th/Preview Content\"";
				DEVELOPMENT_TEAM = 68Q6L9T3C3;
				ENABLE_PREVIEWS = YES;
				GENERATE_INFOPLIST_FILE = YES;
				INFOPLIST_FILE = "Slay-The-11th-Info.plist";
				INFOPLIST_KEY_UIApplicationSceneManifest_Generation = YES;
				INFOPLIST_KEY_UIApplicationSupportsIndirectInputEvents = YES;
				INFOPLIST_KEY_UILaunchScreen_Generation = YES;
				INFOPLIST_KEY_UISupportedInterfaceOrientations_iPad = "UIInterfaceOrientationPortrait UIInterfaceOrientationPortraitUpsideDown UIInterfaceOrientationLandscapeLeft UIInterfaceOrientationLandscapeRight";
				INFOPLIST_KEY_UISupportedInterfaceOrientations_iPhone = "UIInterfaceOrientationPortrait UIInterfaceOrientationLandscapeLeft UIInterfaceOrientationLandscapeRight";
				LD_RUNPATH_SEARCH_PATHS = (
					"$(inherited)",
					"@executable_path/Frameworks",
				);
				MARKETING_VERSION = 1.0;
				PRODUCT_BUNDLE_IDENTIFIER = "sa.hoang.Slay-The-11th";
				PRODUCT_NAME = "$(TARGET_NAME)";
				SWIFT_EMIT_LOC_STRINGS = YES;
				SWIFT_VERSION = 5.0;
				TARGETED_DEVICE_FAMILY = "1,2";
			};
			name = Debug;
		};
		6476CAB42C666B01001C664A /* Release */ = {
			isa = XCBuildConfiguration;
			buildSettings = {
				ASSETCATALOG_COMPILER_APPICON_NAME = AppIcon;
				ASSETCATALOG_COMPILER_GLOBAL_ACCENT_COLOR_NAME = AccentColor;
				CODE_SIGN_STYLE = Automatic;
				CURRENT_PROJECT_VERSION = 1;
				DEVELOPMENT_ASSET_PATHS = "\"Slay The 11th/Preview Content\"";
				DEVELOPMENT_TEAM = 68Q6L9T3C3;
				ENABLE_PREVIEWS = YES;
				GENERATE_INFOPLIST_FILE = YES;
				INFOPLIST_FILE = "Slay-The-11th-Info.plist";
				INFOPLIST_KEY_UIApplicationSceneManifest_Generation = YES;
				INFOPLIST_KEY_UIApplicationSupportsIndirectInputEvents = YES;
				INFOPLIST_KEY_UILaunchScreen_Generation = YES;
				INFOPLIST_KEY_UISupportedInterfaceOrientations_iPad = "UIInterfaceOrientationPortrait UIInterfaceOrientationPortraitUpsideDown UIInterfaceOrientationLandscapeLeft UIInterfaceOrientationLandscapeRight";
				INFOPLIST_KEY_UISupportedInterfaceOrientations_iPhone = "UIInterfaceOrientationPortrait UIInterfaceOrientationLandscapeLeft UIInterfaceOrientationLandscapeRight";
				LD_RUNPATH_SEARCH_PATHS = (
					"$(inherited)",
					"@executable_path/Frameworks",
				);
				MARKETING_VERSION = 1.0;
				PRODUCT_BUNDLE_IDENTIFIER = "sa.hoang.Slay-The-11th";
				PRODUCT_NAME = "$(TARGET_NAME)";
				SWIFT_EMIT_LOC_STRINGS = YES;
				SWIFT_VERSION = 5.0;
				TARGETED_DEVICE_FAMILY = "1,2";
			};
			name = Release;
		};
/* End XCBuildConfiguration section */

/* Begin XCConfigurationList section */
		6476CA9F2C666AFE001C664A /* Build configuration list for PBXProject "Slay The 11th" */ = {
			isa = XCConfigurationList;
			buildConfigurations = (
				6476CAB02C666B01001C664A /* Debug */,
				6476CAB12C666B01001C664A /* Release */,
			);
			defaultConfigurationIsVisible = 0;
			defaultConfigurationName = Release;
		};
		6476CAB22C666B01001C664A /* Build configuration list for PBXNativeTarget "Slay The 11th" */ = {
			isa = XCConfigurationList;
			buildConfigurations = (
				6476CAB32C666B01001C664A /* Debug */,
				6476CAB42C666B01001C664A /* Release */,
			);
			defaultConfigurationIsVisible = 0;
			defaultConfigurationName = Release;
		};
/* End XCConfigurationList section */
	};
	rootObject = 6476CA9C2C666AFE001C664A /* Project object */;
}
