// !$*UTF8*$!
{
	archiveVersion = 1;
	classes = {
	};
	objectVersion = 56;
	objects = {

/* Begin PBXBuildFile section */
		642132FE2C87C7ED001ADDE3 /* Kreon.ttf in Resources */ = {isa = PBXBuildFile; fileRef = 642132FD2C87C7ED001ADDE3 /* Kreon.ttf */; };
		AC61A5D72C876A29001EB41F /* SDWebImageSwiftUI in Frameworks */ = {isa = PBXBuildFile; productRef = AC61A5D62C876A29001EB41F /* SDWebImageSwiftUI */; };
		AC61A5DA2C876A34001EB41F /* Pow in Frameworks */ = {isa = PBXBuildFile; productRef = AC61A5D92C876A34001EB41F /* Pow */; };
		AC61A5DD2C876A3F001EB41F /* NavigationTransitions in Frameworks */ = {isa = PBXBuildFile; productRef = AC61A5DC2C876A3F001EB41F /* NavigationTransitions */; };
		AC62171B2C876B020038ABD2 /* Slay_The_11thApp.swift in Sources */ = {isa = PBXBuildFile; fileRef = AC6216BE2C876B020038ABD2 /* Slay_The_11thApp.swift */; };
		AC62171C2C876B020038ABD2 /* stage.mp3 in Resources */ = {isa = PBXBuildFile; fileRef = AC6216C12C876B020038ABD2 /* stage.mp3 */; };
		AC62171D2C876B020038ABD2 /* mainMenu.mp3 in Resources */ = {isa = PBXBuildFile; fileRef = AC6216C22C876B020038ABD2 /* mainMenu.mp3 */; };
		AC62171E2C876B020038ABD2 /* achievement.mp3 in Resources */ = {isa = PBXBuildFile; fileRef = AC6216C32C876B020038ABD2 /* achievement.mp3 */; };
		AC62171F2C876B020038ABD2 /* drawSfx.wav in Resources */ = {isa = PBXBuildFile; fileRef = AC6216C52C876B020038ABD2 /* drawSfx.wav */; };
		AC6217202C876B020038ABD2 /* sfxButton.mp3 in Resources */ = {isa = PBXBuildFile; fileRef = AC6216C62C876B020038ABD2 /* sfxButton.mp3 */; };
		AC6217212C876B020038ABD2 /* playCardSfx.wav in Resources */ = {isa = PBXBuildFile; fileRef = AC6216C72C876B020038ABD2 /* playCardSfx.wav */; };
		AC6217222C876B020038ABD2 /* gameOverSfx.mp3 in Resources */ = {isa = PBXBuildFile; fileRef = AC6216C82C876B020038ABD2 /* gameOverSfx.mp3 */; };
		AC6217232C876B020038ABD2 /* victorySfx.mp3 in Resources */ = {isa = PBXBuildFile; fileRef = AC6216C92C876B020038ABD2 /* victorySfx.mp3 */; };
		AC6217242C876B020038ABD2 /* stabSfx.mp3 in Resources */ = {isa = PBXBuildFile; fileRef = AC6216CA2C876B020038ABD2 /* stabSfx.mp3 */; };
		AC6217252C876B020038ABD2 /* Slay-The-11th-Info.plist in Resources */ = {isa = PBXBuildFile; fileRef = AC6216CB2C876B020038ABD2 /* Slay-The-11th-Info.plist */; };
		AC6217262C876B020038ABD2 /* Boss-Damage.gif in Resources */ = {isa = PBXBuildFile; fileRef = AC6216CD2C876B020038ABD2 /* Boss-Damage.gif */; };
		AC6217272C876B020038ABD2 /* Skeleton-Damage.gif in Resources */ = {isa = PBXBuildFile; fileRef = AC6216CE2C876B020038ABD2 /* Skeleton-Damage.gif */; };
		AC6217282C876B020038ABD2 /* Mushroom-Idle.gif in Resources */ = {isa = PBXBuildFile; fileRef = AC6216CF2C876B020038ABD2 /* Mushroom-Idle.gif */; };
		AC6217292C876B020038ABD2 /* Mushroom-Damage.gif in Resources */ = {isa = PBXBuildFile; fileRef = AC6216D02C876B020038ABD2 /* Mushroom-Damage.gif */; };
		AC62172A2C876B020038ABD2 /* Player-Idle.gif in Resources */ = {isa = PBXBuildFile; fileRef = AC6216D12C876B020038ABD2 /* Player-Idle.gif */; };
		AC62172B2C876B020038ABD2 /* Player-Damage.gif in Resources */ = {isa = PBXBuildFile; fileRef = AC6216D22C876B020038ABD2 /* Player-Damage.gif */; };
		AC62172C2C876B020038ABD2 /* Boss-Idle.gif in Resources */ = {isa = PBXBuildFile; fileRef = AC6216D32C876B020038ABD2 /* Boss-Idle.gif */; };
		AC62172D2C876B020038ABD2 /* Bat-Damage.gif in Resources */ = {isa = PBXBuildFile; fileRef = AC6216D42C876B020038ABD2 /* Bat-Damage.gif */; };
		AC62172E2C876B020038ABD2 /* Bat-Idle.gif in Resources */ = {isa = PBXBuildFile; fileRef = AC6216D52C876B020038ABD2 /* Bat-Idle.gif */; };
		AC62172F2C876B020038ABD2 /* Skeleton-Idle.gif in Resources */ = {isa = PBXBuildFile; fileRef = AC6216D62C876B020038ABD2 /* Skeleton-Idle.gif */; };
		AC6217302C876B020038ABD2 /* EnemyActions.swift in Sources */ = {isa = PBXBuildFile; fileRef = AC6216D82C876B020038ABD2 /* EnemyActions.swift */; };
		AC6217312C876B020038ABD2 /* AchievementSystem.swift in Sources */ = {isa = PBXBuildFile; fileRef = AC6216D92C876B020038ABD2 /* AchievementSystem.swift */; };
		AC6217322C876B020038ABD2 /* PlayerActions.swift in Sources */ = {isa = PBXBuildFile; fileRef = AC6216DA2C876B020038ABD2 /* PlayerActions.swift */; };
		AC6217332C876B020038ABD2 /* ScoreSystem.swift in Sources */ = {isa = PBXBuildFile; fileRef = AC6216DB2C876B020038ABD2 /* ScoreSystem.swift */; };
		AC6217342C876B020038ABD2 /* StageViewModel.swift in Sources */ = {isa = PBXBuildFile; fileRef = AC6216DC2C876B020038ABD2 /* StageViewModel.swift */; };
		AC6217352C876B020038ABD2 /* GameViewModel.swift in Sources */ = {isa = PBXBuildFile; fileRef = AC6216DD2C876B020038ABD2 /* GameViewModel.swift */; };
		AC6217362C876B020038ABD2 /* CardActions.swift in Sources */ = {isa = PBXBuildFile; fileRef = AC6216DE2C876B020038ABD2 /* CardActions.swift */; };
		AC6217372C876B020038ABD2 /* MainMenuView.swift in Sources */ = {isa = PBXBuildFile; fileRef = AC6216DF2C876B020038ABD2 /* MainMenuView.swift */; };
		AC6217382C876B020038ABD2 /* GoogleService-Info.plist in Resources */ = {isa = PBXBuildFile; fileRef = AC6216E02C876B020038ABD2 /* GoogleService-Info.plist */; };
		AC6217392C876B020038ABD2 /* Reward.swift in Sources */ = {isa = PBXBuildFile; fileRef = AC6216E22C876B020038ABD2 /* Reward.swift */; };
		AC62173A2C876B020038ABD2 /* Card.swift in Sources */ = {isa = PBXBuildFile; fileRef = AC6216E32C876B020038ABD2 /* Card.swift */; };
		AC62173B2C876B020038ABD2 /* Enemy.swift in Sources */ = {isa = PBXBuildFile; fileRef = AC6216E42C876B020038ABD2 /* Enemy.swift */; };
		AC62173C2C876B020038ABD2 /* Player.swift in Sources */ = {isa = PBXBuildFile; fileRef = AC6216E52C876B020038ABD2 /* Player.swift */; };
		AC62173D2C876B020038ABD2 /* Assets.xcassets in Resources */ = {isa = PBXBuildFile; fileRef = AC6216E62C876B020038ABD2 /* Assets.xcassets */; };
		AC62173E2C876B020038ABD2 /* AudioManager.swift in Sources */ = {isa = PBXBuildFile; fileRef = AC6216E92C876B020038ABD2 /* AudioManager.swift */; };
		AC62173F2C876B020038ABD2 /* ToastManager.swift in Sources */ = {isa = PBXBuildFile; fileRef = AC6216EB2C876B020038ABD2 /* ToastManager.swift */; };
		AC6217402C876B020038ABD2 /* Database.swift in Sources */ = {isa = PBXBuildFile; fileRef = AC6216EC2C876B020038ABD2 /* Database.swift */; };
		AC6217412C876B020038ABD2 /* Preview Assets.xcassets in Resources */ = {isa = PBXBuildFile; fileRef = AC6216EE2C876B020038ABD2 /* Preview Assets.xcassets */; };
		AC6217422C876B020038ABD2 /* DeckFactory.swift in Sources */ = {isa = PBXBuildFile; fileRef = AC6216F02C876B020038ABD2 /* DeckFactory.swift */; };
		AC6217432C876B020038ABD2 /* ToastView.swift in Sources */ = {isa = PBXBuildFile; fileRef = AC6216F12C876B020038ABD2 /* ToastView.swift */; };
		AC6217442C876B020038ABD2 /* EnemyFactory.swift in Sources */ = {isa = PBXBuildFile; fileRef = AC6216F22C876B020038ABD2 /* EnemyFactory.swift */; };
		AC6217452C876B020038ABD2 /* Spotlight.swift in Sources */ = {isa = PBXBuildFile; fileRef = AC6216F32C876B020038ABD2 /* Spotlight.swift */; };
		AC6217462C876B020038ABD2 /* CustomFont.swift in Sources */ = {isa = PBXBuildFile; fileRef = AC6216F42C876B020038ABD2 /* CustomFont.swift */; };
		AC6217472C876B020038ABD2 /* Localizable.strings in Resources */ = {isa = PBXBuildFile; fileRef = AC6216F62C876B020038ABD2 /* Localizable.strings */; };
		AC6217492C876B020038ABD2 /* StatisticsView.swift in Sources */ = {isa = PBXBuildFile; fileRef = AC6216FD2C876B020038ABD2 /* StatisticsView.swift */; };
		AC62174A2C876B020038ABD2 /* LineChartView.swift in Sources */ = {isa = PBXBuildFile; fileRef = AC6216FE2C876B020038ABD2 /* LineChartView.swift */; };
		AC62174B2C876B020038ABD2 /* GameplayStatisticsView.swift in Sources */ = {isa = PBXBuildFile; fileRef = AC6216FF2C876B020038ABD2 /* GameplayStatisticsView.swift */; };
		AC62174C2C876B020038ABD2 /* BarChartView.swift in Sources */ = {isa = PBXBuildFile; fileRef = AC6217002C876B020038ABD2 /* BarChartView.swift */; };
		AC62174D2C876B020038ABD2 /* TooltipView.swift in Sources */ = {isa = PBXBuildFile; fileRef = AC6217012C876B020038ABD2 /* TooltipView.swift */; };
		AC62174E2C876B020038ABD2 /* TutorialMessageView.swift in Sources */ = {isa = PBXBuildFile; fileRef = AC6217032C876B020038ABD2 /* TutorialMessageView.swift */; };
		AC62174F2C876B020038ABD2 /* TutorialView.swift in Sources */ = {isa = PBXBuildFile; fileRef = AC6217042C876B020038ABD2 /* TutorialView.swift */; };
		AC6217502C876B020038ABD2 /* CardView.swift in Sources */ = {isa = PBXBuildFile; fileRef = AC6217062C876B020038ABD2 /* CardView.swift */; };
		AC6217512C876B020038ABD2 /* EnemyZoneView.swift in Sources */ = {isa = PBXBuildFile; fileRef = AC6217082C876B020038ABD2 /* EnemyZoneView.swift */; };
		AC6217522C876B020038ABD2 /* CharacterBody2D.swift in Sources */ = {isa = PBXBuildFile; fileRef = AC6217092C876B020038ABD2 /* CharacterBody2D.swift */; };
		AC6217532C876B020038ABD2 /* LoadingScreenView.swift in Sources */ = {isa = PBXBuildFile; fileRef = AC62170B2C876B020038ABD2 /* LoadingScreenView.swift */; };
		AC6217542C876B020038ABD2 /* RewardBoxView.swift in Sources */ = {isa = PBXBuildFile; fileRef = AC62170D2C876B020038ABD2 /* RewardBoxView.swift */; };
		AC6217552C876B020038ABD2 /* RewardSelectionView.swift in Sources */ = {isa = PBXBuildFile; fileRef = AC62170E2C876B020038ABD2 /* RewardSelectionView.swift */; };
		AC6217562C876B020038ABD2 /* StageView.swift in Sources */ = {isa = PBXBuildFile; fileRef = AC6217102C876B020038ABD2 /* StageView.swift */; };
		AC6217572C876B020038ABD2 /* PauseOverlay.swift in Sources */ = {isa = PBXBuildFile; fileRef = AC6217112C876B020038ABD2 /* PauseOverlay.swift */; };
		AC6217582C876B020038ABD2 /* StageContentView.swift in Sources */ = {isa = PBXBuildFile; fileRef = AC6217122C876B020038ABD2 /* StageContentView.swift */; };
		AC6217592C876B020038ABD2 /* VictoryView.swift in Sources */ = {isa = PBXBuildFile; fileRef = AC6217132C876B020038ABD2 /* VictoryView.swift */; };
		AC62175A2C876B020038ABD2 /* StageHeaderView.swift in Sources */ = {isa = PBXBuildFile; fileRef = AC6217142C876B020038ABD2 /* StageHeaderView.swift */; };
		AC62175B2C876B020038ABD2 /* GameOverView.swift in Sources */ = {isa = PBXBuildFile; fileRef = AC6217152C876B020038ABD2 /* GameOverView.swift */; };
		AC62175C2C876B020038ABD2 /* GameOverOverlay.swift in Sources */ = {isa = PBXBuildFile; fileRef = AC6217162C876B020038ABD2 /* GameOverOverlay.swift */; };
		AC62175D2C876B020038ABD2 /* RewardSelectionOverlay.swift in Sources */ = {isa = PBXBuildFile; fileRef = AC6217172C876B020038ABD2 /* RewardSelectionOverlay.swift */; };
		AC62175E2C876B020038ABD2 /* PlayerZoneView.swift in Sources */ = {isa = PBXBuildFile; fileRef = AC6217192C876B020038ABD2 /* PlayerZoneView.swift */; };
		AC62175F2C876B020038ABD2 /* PlayerHandView.swift in Sources */ = {isa = PBXBuildFile; fileRef = AC62171A2C876B020038ABD2 /* PlayerHandView.swift */; };
/* End PBXBuildFile section */

/* Begin PBXFileReference section */
		642132FD2C87C7ED001ADDE3 /* Kreon.ttf */ = {isa = PBXFileReference; lastKnownFileType = file; path = Kreon.ttf; sourceTree = "<group>"; };
		642132FF2C87C935001ADDE3 /* Slay-The-11th-Info.plist */ = {isa = PBXFileReference; lastKnownFileType = text.plist.xml; path = "Slay-The-11th-Info.plist"; sourceTree = SOURCE_ROOT; };
		AC61A5302C876A03001EB41F /* Slay The 11th.app */ = {isa = PBXFileReference; explicitFileType = wrapper.application; includeInIndex = 0; path = "Slay The 11th.app"; sourceTree = BUILT_PRODUCTS_DIR; };
		AC6216BE2C876B020038ABD2 /* Slay_The_11thApp.swift */ = {isa = PBXFileReference; fileEncoding = 4; lastKnownFileType = sourcecode.swift; path = Slay_The_11thApp.swift; sourceTree = "<group>"; };
		AC6216C12C876B020038ABD2 /* stage.mp3 */ = {isa = PBXFileReference; lastKnownFileType = audio.mp3; path = stage.mp3; sourceTree = "<group>"; };
		AC6216C22C876B020038ABD2 /* mainMenu.mp3 */ = {isa = PBXFileReference; lastKnownFileType = audio.mp3; path = mainMenu.mp3; sourceTree = "<group>"; };
		AC6216C32C876B020038ABD2 /* achievement.mp3 */ = {isa = PBXFileReference; lastKnownFileType = audio.mp3; path = achievement.mp3; sourceTree = "<group>"; };
		AC6216C52C876B020038ABD2 /* drawSfx.wav */ = {isa = PBXFileReference; lastKnownFileType = audio.wav; path = drawSfx.wav; sourceTree = "<group>"; };
		AC6216C62C876B020038ABD2 /* sfxButton.mp3 */ = {isa = PBXFileReference; lastKnownFileType = audio.mp3; path = sfxButton.mp3; sourceTree = "<group>"; };
		AC6216C72C876B020038ABD2 /* playCardSfx.wav */ = {isa = PBXFileReference; lastKnownFileType = audio.wav; path = playCardSfx.wav; sourceTree = "<group>"; };
		AC6216C82C876B020038ABD2 /* gameOverSfx.mp3 */ = {isa = PBXFileReference; lastKnownFileType = audio.mp3; path = gameOverSfx.mp3; sourceTree = "<group>"; };
		AC6216C92C876B020038ABD2 /* victorySfx.mp3 */ = {isa = PBXFileReference; lastKnownFileType = audio.mp3; path = victorySfx.mp3; sourceTree = "<group>"; };
		AC6216CA2C876B020038ABD2 /* stabSfx.mp3 */ = {isa = PBXFileReference; lastKnownFileType = audio.mp3; path = stabSfx.mp3; sourceTree = "<group>"; };
		AC6216CB2C876B020038ABD2 /* Slay-The-11th-Info.plist */ = {isa = PBXFileReference; fileEncoding = 4; lastKnownFileType = text.plist.xml; path = "Slay-The-11th-Info.plist"; sourceTree = "<group>"; };
		AC6216CD2C876B020038ABD2 /* Boss-Damage.gif */ = {isa = PBXFileReference; lastKnownFileType = image.gif; path = "Boss-Damage.gif"; sourceTree = "<group>"; };
		AC6216CE2C876B020038ABD2 /* Skeleton-Damage.gif */ = {isa = PBXFileReference; lastKnownFileType = image.gif; path = "Skeleton-Damage.gif"; sourceTree = "<group>"; };
		AC6216CF2C876B020038ABD2 /* Mushroom-Idle.gif */ = {isa = PBXFileReference; lastKnownFileType = image.gif; path = "Mushroom-Idle.gif"; sourceTree = "<group>"; };
		AC6216D02C876B020038ABD2 /* Mushroom-Damage.gif */ = {isa = PBXFileReference; lastKnownFileType = image.gif; path = "Mushroom-Damage.gif"; sourceTree = "<group>"; };
		AC6216D12C876B020038ABD2 /* Player-Idle.gif */ = {isa = PBXFileReference; lastKnownFileType = image.gif; path = "Player-Idle.gif"; sourceTree = "<group>"; };
		AC6216D22C876B020038ABD2 /* Player-Damage.gif */ = {isa = PBXFileReference; lastKnownFileType = image.gif; path = "Player-Damage.gif"; sourceTree = "<group>"; };
		AC6216D32C876B020038ABD2 /* Boss-Idle.gif */ = {isa = PBXFileReference; lastKnownFileType = image.gif; path = "Boss-Idle.gif"; sourceTree = "<group>"; };
		AC6216D42C876B020038ABD2 /* Bat-Damage.gif */ = {isa = PBXFileReference; lastKnownFileType = image.gif; path = "Bat-Damage.gif"; sourceTree = "<group>"; };
		AC6216D52C876B020038ABD2 /* Bat-Idle.gif */ = {isa = PBXFileReference; lastKnownFileType = image.gif; path = "Bat-Idle.gif"; sourceTree = "<group>"; };
		AC6216D62C876B020038ABD2 /* Skeleton-Idle.gif */ = {isa = PBXFileReference; lastKnownFileType = image.gif; path = "Skeleton-Idle.gif"; sourceTree = "<group>"; };
		AC6216D82C876B020038ABD2 /* EnemyActions.swift */ = {isa = PBXFileReference; fileEncoding = 4; lastKnownFileType = sourcecode.swift; path = EnemyActions.swift; sourceTree = "<group>"; };
		AC6216D92C876B020038ABD2 /* AchievementSystem.swift */ = {isa = PBXFileReference; fileEncoding = 4; lastKnownFileType = sourcecode.swift; path = AchievementSystem.swift; sourceTree = "<group>"; };
		AC6216DA2C876B020038ABD2 /* PlayerActions.swift */ = {isa = PBXFileReference; fileEncoding = 4; lastKnownFileType = sourcecode.swift; path = PlayerActions.swift; sourceTree = "<group>"; };
		AC6216DB2C876B020038ABD2 /* ScoreSystem.swift */ = {isa = PBXFileReference; fileEncoding = 4; lastKnownFileType = sourcecode.swift; path = ScoreSystem.swift; sourceTree = "<group>"; };
		AC6216DC2C876B020038ABD2 /* StageViewModel.swift */ = {isa = PBXFileReference; fileEncoding = 4; lastKnownFileType = sourcecode.swift; path = StageViewModel.swift; sourceTree = "<group>"; };
		AC6216DD2C876B020038ABD2 /* GameViewModel.swift */ = {isa = PBXFileReference; fileEncoding = 4; lastKnownFileType = sourcecode.swift; path = GameViewModel.swift; sourceTree = "<group>"; };
		AC6216DE2C876B020038ABD2 /* CardActions.swift */ = {isa = PBXFileReference; fileEncoding = 4; lastKnownFileType = sourcecode.swift; path = CardActions.swift; sourceTree = "<group>"; };
		AC6216DF2C876B020038ABD2 /* MainMenuView.swift */ = {isa = PBXFileReference; fileEncoding = 4; lastKnownFileType = sourcecode.swift; path = MainMenuView.swift; sourceTree = "<group>"; };
		AC6216E02C876B020038ABD2 /* GoogleService-Info.plist */ = {isa = PBXFileReference; fileEncoding = 4; lastKnownFileType = text.plist.xml; path = "GoogleService-Info.plist"; sourceTree = "<group>"; };
		AC6216E22C876B020038ABD2 /* Reward.swift */ = {isa = PBXFileReference; fileEncoding = 4; lastKnownFileType = sourcecode.swift; path = Reward.swift; sourceTree = "<group>"; };
		AC6216E32C876B020038ABD2 /* Card.swift */ = {isa = PBXFileReference; fileEncoding = 4; lastKnownFileType = sourcecode.swift; path = Card.swift; sourceTree = "<group>"; };
		AC6216E42C876B020038ABD2 /* Enemy.swift */ = {isa = PBXFileReference; fileEncoding = 4; lastKnownFileType = sourcecode.swift; path = Enemy.swift; sourceTree = "<group>"; };
		AC6216E52C876B020038ABD2 /* Player.swift */ = {isa = PBXFileReference; fileEncoding = 4; lastKnownFileType = sourcecode.swift; path = Player.swift; sourceTree = "<group>"; };
		AC6216E62C876B020038ABD2 /* Assets.xcassets */ = {isa = PBXFileReference; lastKnownFileType = folder.assetcatalog; path = Assets.xcassets; sourceTree = "<group>"; };
		AC6216E92C876B020038ABD2 /* AudioManager.swift */ = {isa = PBXFileReference; fileEncoding = 4; lastKnownFileType = sourcecode.swift; path = AudioManager.swift; sourceTree = "<group>"; };
		AC6216EB2C876B020038ABD2 /* ToastManager.swift */ = {isa = PBXFileReference; fileEncoding = 4; lastKnownFileType = sourcecode.swift; path = ToastManager.swift; sourceTree = "<group>"; };
		AC6216EC2C876B020038ABD2 /* Database.swift */ = {isa = PBXFileReference; fileEncoding = 4; lastKnownFileType = sourcecode.swift; path = Database.swift; sourceTree = "<group>"; };
		AC6216EE2C876B020038ABD2 /* Preview Assets.xcassets */ = {isa = PBXFileReference; lastKnownFileType = folder.assetcatalog; path = "Preview Assets.xcassets"; sourceTree = "<group>"; };
		AC6216F02C876B020038ABD2 /* DeckFactory.swift */ = {isa = PBXFileReference; fileEncoding = 4; lastKnownFileType = sourcecode.swift; path = DeckFactory.swift; sourceTree = "<group>"; };
		AC6216F12C876B020038ABD2 /* ToastView.swift */ = {isa = PBXFileReference; fileEncoding = 4; lastKnownFileType = sourcecode.swift; path = ToastView.swift; sourceTree = "<group>"; };
		AC6216F22C876B020038ABD2 /* EnemyFactory.swift */ = {isa = PBXFileReference; fileEncoding = 4; lastKnownFileType = sourcecode.swift; path = EnemyFactory.swift; sourceTree = "<group>"; };
		AC6216F32C876B020038ABD2 /* Spotlight.swift */ = {isa = PBXFileReference; fileEncoding = 4; lastKnownFileType = sourcecode.swift; path = Spotlight.swift; sourceTree = "<group>"; };
		AC6216F42C876B020038ABD2 /* CustomFont.swift */ = {isa = PBXFileReference; fileEncoding = 4; lastKnownFileType = sourcecode.swift; path = CustomFont.swift; sourceTree = "<group>"; };
		AC6216F72C876B020038ABD2 /* en */ = {isa = PBXFileReference; lastKnownFileType = text.plist.strings; name = en; path = en.lproj/Localizable.strings; sourceTree = "<group>"; };
		AC6216F82C876B020038ABD2 /* es */ = {isa = PBXFileReference; lastKnownFileType = text.plist.strings; name = es; path = es.lproj/Localizable.strings; sourceTree = "<group>"; };
		AC6216F92C876B020038ABD2 /* vi */ = {isa = PBXFileReference; lastKnownFileType = text.plist.strings; name = vi; path = vi.lproj/Localizable.strings; sourceTree = "<group>"; };
		AC6216FD2C876B020038ABD2 /* StatisticsView.swift */ = {isa = PBXFileReference; fileEncoding = 4; lastKnownFileType = sourcecode.swift; path = StatisticsView.swift; sourceTree = "<group>"; };
		AC6216FE2C876B020038ABD2 /* LineChartView.swift */ = {isa = PBXFileReference; fileEncoding = 4; lastKnownFileType = sourcecode.swift; path = LineChartView.swift; sourceTree = "<group>"; };
		AC6216FF2C876B020038ABD2 /* GameplayStatisticsView.swift */ = {isa = PBXFileReference; fileEncoding = 4; lastKnownFileType = sourcecode.swift; path = GameplayStatisticsView.swift; sourceTree = "<group>"; };
		AC6217002C876B020038ABD2 /* BarChartView.swift */ = {isa = PBXFileReference; fileEncoding = 4; lastKnownFileType = sourcecode.swift; path = BarChartView.swift; sourceTree = "<group>"; };
		AC6217012C876B020038ABD2 /* TooltipView.swift */ = {isa = PBXFileReference; fileEncoding = 4; lastKnownFileType = sourcecode.swift; path = TooltipView.swift; sourceTree = "<group>"; };
		AC6217032C876B020038ABD2 /* TutorialMessageView.swift */ = {isa = PBXFileReference; fileEncoding = 4; lastKnownFileType = sourcecode.swift; path = TutorialMessageView.swift; sourceTree = "<group>"; };
		AC6217042C876B020038ABD2 /* TutorialView.swift */ = {isa = PBXFileReference; fileEncoding = 4; lastKnownFileType = sourcecode.swift; path = TutorialView.swift; sourceTree = "<group>"; };
		AC6217062C876B020038ABD2 /* CardView.swift */ = {isa = PBXFileReference; fileEncoding = 4; lastKnownFileType = sourcecode.swift; path = CardView.swift; sourceTree = "<group>"; };
		AC6217082C876B020038ABD2 /* EnemyZoneView.swift */ = {isa = PBXFileReference; fileEncoding = 4; lastKnownFileType = sourcecode.swift; path = EnemyZoneView.swift; sourceTree = "<group>"; };
		AC6217092C876B020038ABD2 /* CharacterBody2D.swift */ = {isa = PBXFileReference; fileEncoding = 4; lastKnownFileType = sourcecode.swift; path = CharacterBody2D.swift; sourceTree = "<group>"; };
		AC62170B2C876B020038ABD2 /* LoadingScreenView.swift */ = {isa = PBXFileReference; fileEncoding = 4; lastKnownFileType = sourcecode.swift; path = LoadingScreenView.swift; sourceTree = "<group>"; };
		AC62170D2C876B020038ABD2 /* RewardBoxView.swift */ = {isa = PBXFileReference; fileEncoding = 4; lastKnownFileType = sourcecode.swift; path = RewardBoxView.swift; sourceTree = "<group>"; };
		AC62170E2C876B020038ABD2 /* RewardSelectionView.swift */ = {isa = PBXFileReference; fileEncoding = 4; lastKnownFileType = sourcecode.swift; path = RewardSelectionView.swift; sourceTree = "<group>"; };
		AC6217102C876B020038ABD2 /* StageView.swift */ = {isa = PBXFileReference; fileEncoding = 4; lastKnownFileType = sourcecode.swift; path = StageView.swift; sourceTree = "<group>"; };
		AC6217112C876B020038ABD2 /* PauseOverlay.swift */ = {isa = PBXFileReference; fileEncoding = 4; lastKnownFileType = sourcecode.swift; path = PauseOverlay.swift; sourceTree = "<group>"; };
		AC6217122C876B020038ABD2 /* StageContentView.swift */ = {isa = PBXFileReference; fileEncoding = 4; lastKnownFileType = sourcecode.swift; path = StageContentView.swift; sourceTree = "<group>"; };
		AC6217132C876B020038ABD2 /* VictoryView.swift */ = {isa = PBXFileReference; fileEncoding = 4; lastKnownFileType = sourcecode.swift; path = VictoryView.swift; sourceTree = "<group>"; };
		AC6217142C876B020038ABD2 /* StageHeaderView.swift */ = {isa = PBXFileReference; fileEncoding = 4; lastKnownFileType = sourcecode.swift; path = StageHeaderView.swift; sourceTree = "<group>"; };
		AC6217152C876B020038ABD2 /* GameOverView.swift */ = {isa = PBXFileReference; fileEncoding = 4; lastKnownFileType = sourcecode.swift; path = GameOverView.swift; sourceTree = "<group>"; };
		AC6217162C876B020038ABD2 /* GameOverOverlay.swift */ = {isa = PBXFileReference; fileEncoding = 4; lastKnownFileType = sourcecode.swift; path = GameOverOverlay.swift; sourceTree = "<group>"; };
		AC6217172C876B020038ABD2 /* RewardSelectionOverlay.swift */ = {isa = PBXFileReference; fileEncoding = 4; lastKnownFileType = sourcecode.swift; path = RewardSelectionOverlay.swift; sourceTree = "<group>"; };
		AC6217192C876B020038ABD2 /* PlayerZoneView.swift */ = {isa = PBXFileReference; fileEncoding = 4; lastKnownFileType = sourcecode.swift; path = PlayerZoneView.swift; sourceTree = "<group>"; };
		AC62171A2C876B020038ABD2 /* PlayerHandView.swift */ = {isa = PBXFileReference; fileEncoding = 4; lastKnownFileType = sourcecode.swift; path = PlayerHandView.swift; sourceTree = "<group>"; };
/* End PBXFileReference section */

/* Begin PBXFrameworksBuildPhase section */
		AC61A52D2C876A03001EB41F /* Frameworks */ = {
			isa = PBXFrameworksBuildPhase;
			buildActionMask = 2147483647;
			files = (
				AC61A5D72C876A29001EB41F /* SDWebImageSwiftUI in Frameworks */,
				AC61A5DD2C876A3F001EB41F /* NavigationTransitions in Frameworks */,
				AC61A5DA2C876A34001EB41F /* Pow in Frameworks */,
			);
			runOnlyForDeploymentPostprocessing = 0;
		};
/* End PBXFrameworksBuildPhase section */

/* Begin PBXGroup section */
		642132FB2C87C7BA001ADDE3 /* Font */ = {
			isa = PBXGroup;
			children = (
				642132FD2C87C7ED001ADDE3 /* Kreon.ttf */,
			);
			path = Font;
			sourceTree = "<group>";
		};
		AC61A5272C876A03001EB41F = {
			isa = PBXGroup;
			children = (
				AC61A5322C876A03001EB41F /* Slay The 11th */,
				AC61A5312C876A03001EB41F /* Products */,
			);
			sourceTree = "<group>";
		};
		AC61A5312C876A03001EB41F /* Products */ = {
			isa = PBXGroup;
			children = (
				AC61A5302C876A03001EB41F /* Slay The 11th.app */,
			);
			name = Products;
			sourceTree = "<group>";
		};
		AC61A5322C876A03001EB41F /* Slay The 11th */ = {
			isa = PBXGroup;
			children = (
				642132FF2C87C935001ADDE3 /* Slay-The-11th-Info.plist */,
				AC6216E62C876B020038ABD2 /* Assets.xcassets */,
				AC6216E72C876B020038ABD2 /* Config */,
				AC6216CC2C876B020038ABD2 /* gifs */,
				AC6216E02C876B020038ABD2 /* GoogleService-Info.plist */,
				AC6216DF2C876B020038ABD2 /* MainMenuView.swift */,
				AC6216E12C876B020038ABD2 /* Model */,
				AC6216ED2C876B020038ABD2 /* Preview Content */,
				AC6216BF2C876B020038ABD2 /* Resources */,
				AC6216EA2C876B020038ABD2 /* Services */,
				AC6216BE2C876B020038ABD2 /* Slay_The_11thApp.swift */,
				AC6216CB2C876B020038ABD2 /* Slay-The-11th-Info.plist */,
				642132FB2C87C7BA001ADDE3 /* Font */,
				AC6217602C877A160038ABD2 /* Utils */,
				AC6216D72C876B020038ABD2 /* ViewModel */,
				AC6216FB2C876B020038ABD2 /* Views */,
			);
			path = "Slay The 11th";
			sourceTree = "<group>";
		};
		AC6216BF2C876B020038ABD2 /* Resources */ = {
			isa = PBXGroup;
			children = (
				AC6216C02C876B020038ABD2 /* Soundtrack */,
				AC6216C42C876B020038ABD2 /* Sfx */,
			);
			path = Resources;
			sourceTree = "<group>";
		};
		AC6216C02C876B020038ABD2 /* Soundtrack */ = {
			isa = PBXGroup;
			children = (
				AC6216C12C876B020038ABD2 /* stage.mp3 */,
				AC6216C22C876B020038ABD2 /* mainMenu.mp3 */,
				AC6216C32C876B020038ABD2 /* achievement.mp3 */,
			);
			path = Soundtrack;
			sourceTree = "<group>";
		};
		AC6216C42C876B020038ABD2 /* Sfx */ = {
			isa = PBXGroup;
			children = (
				AC6216C52C876B020038ABD2 /* drawSfx.wav */,
				AC6216C62C876B020038ABD2 /* sfxButton.mp3 */,
				AC6216C72C876B020038ABD2 /* playCardSfx.wav */,
				AC6216C82C876B020038ABD2 /* gameOverSfx.mp3 */,
				AC6216C92C876B020038ABD2 /* victorySfx.mp3 */,
				AC6216CA2C876B020038ABD2 /* stabSfx.mp3 */,
			);
			path = Sfx;
			sourceTree = "<group>";
		};
		AC6216CC2C876B020038ABD2 /* gifs */ = {
			isa = PBXGroup;
			children = (
				AC6216CD2C876B020038ABD2 /* Boss-Damage.gif */,
				AC6216CE2C876B020038ABD2 /* Skeleton-Damage.gif */,
				AC6216CF2C876B020038ABD2 /* Mushroom-Idle.gif */,
				AC6216D02C876B020038ABD2 /* Mushroom-Damage.gif */,
				AC6216D12C876B020038ABD2 /* Player-Idle.gif */,
				AC6216D22C876B020038ABD2 /* Player-Damage.gif */,
				AC6216D32C876B020038ABD2 /* Boss-Idle.gif */,
				AC6216D42C876B020038ABD2 /* Bat-Damage.gif */,
				AC6216D52C876B020038ABD2 /* Bat-Idle.gif */,
				AC6216D62C876B020038ABD2 /* Skeleton-Idle.gif */,
			);
			path = gifs;
			sourceTree = "<group>";
		};
		AC6216D72C876B020038ABD2 /* ViewModel */ = {
			isa = PBXGroup;
			children = (
				AC6216D82C876B020038ABD2 /* EnemyActions.swift */,
				AC6216D92C876B020038ABD2 /* AchievementSystem.swift */,
				AC6216DA2C876B020038ABD2 /* PlayerActions.swift */,
				AC6216DB2C876B020038ABD2 /* ScoreSystem.swift */,
				AC6216DC2C876B020038ABD2 /* StageViewModel.swift */,
				AC6216DD2C876B020038ABD2 /* GameViewModel.swift */,
				AC6216DE2C876B020038ABD2 /* CardActions.swift */,
			);
			path = ViewModel;
			sourceTree = "<group>";
		};
		AC6216E12C876B020038ABD2 /* Model */ = {
			isa = PBXGroup;
			children = (
				AC6216E22C876B020038ABD2 /* Reward.swift */,
				AC6216E32C876B020038ABD2 /* Card.swift */,
				AC6216E42C876B020038ABD2 /* Enemy.swift */,
				AC6216E52C876B020038ABD2 /* Player.swift */,
			);
			path = Model;
			sourceTree = "<group>";
		};
		AC6216E72C876B020038ABD2 /* Config */ = {
			isa = PBXGroup;
			children = (
				AC6216E82C876B020038ABD2 /* Media */,
			);
			path = Config;
			sourceTree = "<group>";
		};
		AC6216E82C876B020038ABD2 /* Media */ = {
			isa = PBXGroup;
			children = (
				AC6216E92C876B020038ABD2 /* AudioManager.swift */,
			);
			path = Media;
			sourceTree = "<group>";
		};
		AC6216EA2C876B020038ABD2 /* Services */ = {
			isa = PBXGroup;
			children = (
				AC6216EB2C876B020038ABD2 /* ToastManager.swift */,
				AC6216EC2C876B020038ABD2 /* Database.swift */,
			);
			path = Services;
			sourceTree = "<group>";
		};
		AC6216ED2C876B020038ABD2 /* Preview Content */ = {
			isa = PBXGroup;
			children = (
				AC6216EE2C876B020038ABD2 /* Preview Assets.xcassets */,
			);
			path = "Preview Content";
			sourceTree = "<group>";
		};
		AC6216F52C876B020038ABD2 /* Localization */ = {
			isa = PBXGroup;
			children = (
				AC6216F62C876B020038ABD2 /* Localizable.strings */,
			);
			path = Localization;
			sourceTree = "<group>";
		};
		AC6216FB2C876B020038ABD2 /* Views */ = {
			isa = PBXGroup;
			children = (
				AC6216FC2C876B020038ABD2 /* Statistics */,
				AC6217022C876B020038ABD2 /* Tutorial */,
				AC6217052C876B020038ABD2 /* Card */,
				AC6217072C876B020038ABD2 /* Enemy */,
				AC62170A2C876B020038ABD2 /* Common */,
				AC62170C2C876B020038ABD2 /* Reward */,
				AC62170F2C876B020038ABD2 /* Stage */,
				AC6217182C876B020038ABD2 /* Player */,
			);
			path = Views;
			sourceTree = "<group>";
		};
		AC6216FC2C876B020038ABD2 /* Statistics */ = {
			isa = PBXGroup;
			children = (
				AC6216FD2C876B020038ABD2 /* StatisticsView.swift */,
				AC6216FE2C876B020038ABD2 /* LineChartView.swift */,
				AC6216FF2C876B020038ABD2 /* GameplayStatisticsView.swift */,
				AC6217002C876B020038ABD2 /* BarChartView.swift */,
				AC6217012C876B020038ABD2 /* TooltipView.swift */,
			);
			path = Statistics;
			sourceTree = "<group>";
		};
		AC6217022C876B020038ABD2 /* Tutorial */ = {
			isa = PBXGroup;
			children = (
				AC6217032C876B020038ABD2 /* TutorialMessageView.swift */,
				AC6217042C876B020038ABD2 /* TutorialView.swift */,
			);
			path = Tutorial;
			sourceTree = "<group>";
		};
		AC6217052C876B020038ABD2 /* Card */ = {
			isa = PBXGroup;
			children = (
				AC6217062C876B020038ABD2 /* CardView.swift */,
			);
			path = Card;
			sourceTree = "<group>";
		};
		AC6217072C876B020038ABD2 /* Enemy */ = {
			isa = PBXGroup;
			children = (
				AC6217082C876B020038ABD2 /* EnemyZoneView.swift */,
				AC6217092C876B020038ABD2 /* CharacterBody2D.swift */,
			);
			path = Enemy;
			sourceTree = "<group>";
		};
		AC62170A2C876B020038ABD2 /* Common */ = {
			isa = PBXGroup;
			children = (
				AC62170B2C876B020038ABD2 /* LoadingScreenView.swift */,
			);
			path = Common;
			sourceTree = "<group>";
		};
		AC62170C2C876B020038ABD2 /* Reward */ = {
			isa = PBXGroup;
			children = (
				AC62170D2C876B020038ABD2 /* RewardBoxView.swift */,
				AC62170E2C876B020038ABD2 /* RewardSelectionView.swift */,
			);
			path = Reward;
			sourceTree = "<group>";
		};
		AC62170F2C876B020038ABD2 /* Stage */ = {
			isa = PBXGroup;
			children = (
				AC6217102C876B020038ABD2 /* StageView.swift */,
				AC6217112C876B020038ABD2 /* PauseOverlay.swift */,
				AC6217122C876B020038ABD2 /* StageContentView.swift */,
				AC6217132C876B020038ABD2 /* VictoryView.swift */,
				AC6217142C876B020038ABD2 /* StageHeaderView.swift */,
				AC6217152C876B020038ABD2 /* GameOverView.swift */,
				AC6217162C876B020038ABD2 /* GameOverOverlay.swift */,
				AC6217172C876B020038ABD2 /* RewardSelectionOverlay.swift */,
			);
			path = Stage;
			sourceTree = "<group>";
		};
		AC6217182C876B020038ABD2 /* Player */ = {
			isa = PBXGroup;
			children = (
				AC6217192C876B020038ABD2 /* PlayerZoneView.swift */,
				AC62171A2C876B020038ABD2 /* PlayerHandView.swift */,
			);
			path = Player;
			sourceTree = "<group>";
		};
		AC6217602C877A160038ABD2 /* Utils */ = {
			isa = PBXGroup;
			children = (
				AC6216F02C876B020038ABD2 /* DeckFactory.swift */,
				AC6216F12C876B020038ABD2 /* ToastView.swift */,
				AC6216F22C876B020038ABD2 /* EnemyFactory.swift */,
				AC6216F32C876B020038ABD2 /* Spotlight.swift */,
				AC6216F42C876B020038ABD2 /* CustomFont.swift */,
				AC6216F52C876B020038ABD2 /* Localization */,
			);
			path = Utils;
			sourceTree = "<group>";
		};
/* End PBXGroup section */

/* Begin PBXNativeTarget section */
		AC61A52F2C876A03001EB41F /* Slay The 11th */ = {
			isa = PBXNativeTarget;
			buildConfigurationList = AC61A53E2C876A05001EB41F /* Build configuration list for PBXNativeTarget "Slay The 11th" */;
			buildPhases = (
				AC61A52C2C876A03001EB41F /* Sources */,
				AC61A52D2C876A03001EB41F /* Frameworks */,
				AC61A52E2C876A03001EB41F /* Resources */,
			);
			buildRules = (
			);
			dependencies = (
			);
			name = "Slay The 11th";
			packageProductDependencies = (
				AC61A5D62C876A29001EB41F /* SDWebImageSwiftUI */,
				AC61A5D92C876A34001EB41F /* Pow */,
				AC61A5DC2C876A3F001EB41F /* NavigationTransitions */,
			);
			productName = "Slay The 11th";
			productReference = AC61A5302C876A03001EB41F /* Slay The 11th.app */;
			productType = "com.apple.product-type.application";
		};
/* End PBXNativeTarget section */

/* Begin PBXProject section */
		AC61A5282C876A03001EB41F /* Project object */ = {
			isa = PBXProject;
			attributes = {
				BuildIndependentTargetsInParallel = 1;
				LastSwiftUpdateCheck = 1500;
				LastUpgradeCheck = 1540;
				TargetAttributes = {
					AC61A52F2C876A03001EB41F = {
						CreatedOnToolsVersion = 15.0.1;
						LastSwiftMigration = 1500;
					};
				};
			};
			buildConfigurationList = AC61A52B2C876A03001EB41F /* Build configuration list for PBXProject "Slay The 11th" */;
			compatibilityVersion = "Xcode 14.0";
			developmentRegion = en;
			hasScannedForEncodings = 0;
			knownRegions = (
				en,
				Base,
				es,
				vi,
			);
			mainGroup = AC61A5272C876A03001EB41F;
			packageReferences = (
				AC61A5D52C876A29001EB41F /* XCRemoteSwiftPackageReference "SDWebImageSwiftUI" */,
				AC61A5D82C876A34001EB41F /* XCRemoteSwiftPackageReference "Pow" */,
				AC61A5DB2C876A3F001EB41F /* XCRemoteSwiftPackageReference "swiftui-navigation-transitions" */,
			);
			productRefGroup = AC61A5312C876A03001EB41F /* Products */;
			projectDirPath = "";
			projectRoot = "";
			targets = (
				AC61A52F2C876A03001EB41F /* Slay The 11th */,
			);
		};
/* End PBXProject section */

/* Begin PBXResourcesBuildPhase section */
		AC61A52E2C876A03001EB41F /* Resources */ = {
			isa = PBXResourcesBuildPhase;
			buildActionMask = 2147483647;
			files = (
				AC62171E2C876B020038ABD2 /* achievement.mp3 in Resources */,
				AC62171D2C876B020038ABD2 /* mainMenu.mp3 in Resources */,
				AC62173D2C876B020038ABD2 /* Assets.xcassets in Resources */,
				642132FE2C87C7ED001ADDE3 /* Kreon.ttf in Resources */,
				AC62172A2C876B020038ABD2 /* Player-Idle.gif in Resources */,
				AC62172D2C876B020038ABD2 /* Bat-Damage.gif in Resources */,
				AC6217242C876B020038ABD2 /* stabSfx.mp3 in Resources */,
				AC6217202C876B020038ABD2 /* sfxButton.mp3 in Resources */,
				AC6217272C876B020038ABD2 /* Skeleton-Damage.gif in Resources */,
				AC6217412C876B020038ABD2 /* Preview Assets.xcassets in Resources */,
				AC62172C2C876B020038ABD2 /* Boss-Idle.gif in Resources */,
				AC6217222C876B020038ABD2 /* gameOverSfx.mp3 in Resources */,
				AC62171F2C876B020038ABD2 /* drawSfx.wav in Resources */,
				AC6217262C876B020038ABD2 /* Boss-Damage.gif in Resources */,
				AC6217472C876B020038ABD2 /* Localizable.strings in Resources */,
				AC6217282C876B020038ABD2 /* Mushroom-Idle.gif in Resources */,
				AC6217232C876B020038ABD2 /* victorySfx.mp3 in Resources */,
				AC62172F2C876B020038ABD2 /* Skeleton-Idle.gif in Resources */,
				AC6217212C876B020038ABD2 /* playCardSfx.wav in Resources */,
				AC6217292C876B020038ABD2 /* Mushroom-Damage.gif in Resources */,
				AC62172E2C876B020038ABD2 /* Bat-Idle.gif in Resources */,
				AC62171C2C876B020038ABD2 /* stage.mp3 in Resources */,
				AC62172B2C876B020038ABD2 /* Player-Damage.gif in Resources */,
				AC6217252C876B020038ABD2 /* Slay-The-11th-Info.plist in Resources */,
				AC6217382C876B020038ABD2 /* GoogleService-Info.plist in Resources */,
			);
			runOnlyForDeploymentPostprocessing = 0;
		};
/* End PBXResourcesBuildPhase section */

/* Begin PBXSourcesBuildPhase section */
		AC61A52C2C876A03001EB41F /* Sources */ = {
			isa = PBXSourcesBuildPhase;
			buildActionMask = 2147483647;
			files = (
				AC62174F2C876B020038ABD2 /* TutorialView.swift in Sources */,
				AC6217542C876B020038ABD2 /* RewardBoxView.swift in Sources */,
				AC6217522C876B020038ABD2 /* CharacterBody2D.swift in Sources */,
				AC62175C2C876B020038ABD2 /* GameOverOverlay.swift in Sources */,
				AC6217462C876B020038ABD2 /* CustomFont.swift in Sources */,
				AC62173F2C876B020038ABD2 /* ToastManager.swift in Sources */,
				AC62174E2C876B020038ABD2 /* TutorialMessageView.swift in Sources */,
				AC6217322C876B020038ABD2 /* PlayerActions.swift in Sources */,
				AC6217342C876B020038ABD2 /* StageViewModel.swift in Sources */,
				AC6217302C876B020038ABD2 /* EnemyActions.swift in Sources */,
				AC6217372C876B020038ABD2 /* MainMenuView.swift in Sources */,
				AC62175A2C876B020038ABD2 /* StageHeaderView.swift in Sources */,
				AC6217582C876B020038ABD2 /* StageContentView.swift in Sources */,
				AC62174D2C876B020038ABD2 /* TooltipView.swift in Sources */,
				AC6217422C876B020038ABD2 /* DeckFactory.swift in Sources */,
				AC6217532C876B020038ABD2 /* LoadingScreenView.swift in Sources */,
				AC62174C2C876B020038ABD2 /* BarChartView.swift in Sources */,
				AC6217392C876B020038ABD2 /* Reward.swift in Sources */,
				AC62175D2C876B020038ABD2 /* RewardSelectionOverlay.swift in Sources */,
				AC62173C2C876B020038ABD2 /* Player.swift in Sources */,
				AC6217312C876B020038ABD2 /* AchievementSystem.swift in Sources */,
				AC62171B2C876B020038ABD2 /* Slay_The_11thApp.swift in Sources */,
				AC6217502C876B020038ABD2 /* CardView.swift in Sources */,
				AC62173E2C876B020038ABD2 /* AudioManager.swift in Sources */,
				AC6217562C876B020038ABD2 /* StageView.swift in Sources */,
				AC6217332C876B020038ABD2 /* ScoreSystem.swift in Sources */,
				AC6217452C876B020038ABD2 /* Spotlight.swift in Sources */,
				AC6217512C876B020038ABD2 /* EnemyZoneView.swift in Sources */,
				AC62174A2C876B020038ABD2 /* LineChartView.swift in Sources */,
				AC62173B2C876B020038ABD2 /* Enemy.swift in Sources */,
				AC6217352C876B020038ABD2 /* GameViewModel.swift in Sources */,
				AC6217362C876B020038ABD2 /* CardActions.swift in Sources */,
				AC62175B2C876B020038ABD2 /* GameOverView.swift in Sources */,
				AC6217402C876B020038ABD2 /* Database.swift in Sources */,
				AC6217432C876B020038ABD2 /* ToastView.swift in Sources */,
				AC6217492C876B020038ABD2 /* StatisticsView.swift in Sources */,
				AC62174B2C876B020038ABD2 /* GameplayStatisticsView.swift in Sources */,
				AC6217592C876B020038ABD2 /* VictoryView.swift in Sources */,
				AC6217442C876B020038ABD2 /* EnemyFactory.swift in Sources */,
				AC62175E2C876B020038ABD2 /* PlayerZoneView.swift in Sources */,
				AC6217572C876B020038ABD2 /* PauseOverlay.swift in Sources */,
				AC6217552C876B020038ABD2 /* RewardSelectionView.swift in Sources */,
				AC62175F2C876B020038ABD2 /* PlayerHandView.swift in Sources */,
				AC62173A2C876B020038ABD2 /* Card.swift in Sources */,
			);
			runOnlyForDeploymentPostprocessing = 0;
		};
/* End PBXSourcesBuildPhase section */

/* Begin PBXVariantGroup section */
		AC6216F62C876B020038ABD2 /* Localizable.strings */ = {
			isa = PBXVariantGroup;
			children = (
				AC6216F72C876B020038ABD2 /* en */,
				AC6216F82C876B020038ABD2 /* es */,
				AC6216F92C876B020038ABD2 /* vi */,
			);
			name = Localizable.strings;
			sourceTree = "<group>";
		};
/* End PBXVariantGroup section */

/* Begin XCBuildConfiguration section */
		AC61A53C2C876A05001EB41F /* Debug */ = {
			isa = XCBuildConfiguration;
			buildSettings = {
				ALWAYS_SEARCH_USER_PATHS = NO;
				ASSETCATALOG_COMPILER_GENERATE_SWIFT_ASSET_SYMBOL_EXTENSIONS = YES;
				CLANG_ANALYZER_LOCALIZABILITY_NONLOCALIZED = YES;
				CLANG_ANALYZER_NONNULL = YES;
				CLANG_ANALYZER_NUMBER_OBJECT_CONVERSION = YES_AGGRESSIVE;
				CLANG_CXX_LANGUAGE_STANDARD = "gnu++20";
				CLANG_ENABLE_MODULES = YES;
				CLANG_ENABLE_OBJC_ARC = YES;
				CLANG_ENABLE_OBJC_WEAK = YES;
				CLANG_WARN_BLOCK_CAPTURE_AUTORELEASING = YES;
				CLANG_WARN_BOOL_CONVERSION = YES;
				CLANG_WARN_COMMA = YES;
				CLANG_WARN_CONSTANT_CONVERSION = YES;
				CLANG_WARN_DEPRECATED_OBJC_IMPLEMENTATIONS = YES;
				CLANG_WARN_DIRECT_OBJC_ISA_USAGE = YES_ERROR;
				CLANG_WARN_DOCUMENTATION_COMMENTS = YES;
				CLANG_WARN_EMPTY_BODY = YES;
				CLANG_WARN_ENUM_CONVERSION = YES;
				CLANG_WARN_INFINITE_RECURSION = YES;
				CLANG_WARN_INT_CONVERSION = YES;
				CLANG_WARN_NON_LITERAL_NULL_CONVERSION = YES;
				CLANG_WARN_OBJC_IMPLICIT_RETAIN_SELF = YES;
				CLANG_WARN_OBJC_LITERAL_CONVERSION = YES;
				CLANG_WARN_OBJC_ROOT_CLASS = YES_ERROR;
				CLANG_WARN_QUOTED_INCLUDE_IN_FRAMEWORK_HEADER = YES;
				CLANG_WARN_RANGE_LOOP_ANALYSIS = YES;
				CLANG_WARN_STRICT_PROTOTYPES = YES;
				CLANG_WARN_SUSPICIOUS_MOVE = YES;
				CLANG_WARN_UNGUARDED_AVAILABILITY = YES_AGGRESSIVE;
				CLANG_WARN_UNREACHABLE_CODE = YES;
				CLANG_WARN__DUPLICATE_METHOD_MATCH = YES;
				COPY_PHASE_STRIP = NO;
				DEBUG_INFORMATION_FORMAT = dwarf;
				ENABLE_STRICT_OBJC_MSGSEND = YES;
				ENABLE_TESTABILITY = YES;
				ENABLE_USER_SCRIPT_SANDBOXING = YES;
				GCC_C_LANGUAGE_STANDARD = gnu17;
				GCC_DYNAMIC_NO_PIC = NO;
				GCC_NO_COMMON_BLOCKS = YES;
				GCC_OPTIMIZATION_LEVEL = 0;
				GCC_PREPROCESSOR_DEFINITIONS = (
					"DEBUG=1",
					"$(inherited)",
				);
				GCC_WARN_64_TO_32_BIT_CONVERSION = YES;
				GCC_WARN_ABOUT_RETURN_TYPE = YES_ERROR;
				GCC_WARN_UNDECLARED_SELECTOR = YES;
				GCC_WARN_UNINITIALIZED_AUTOS = YES_AGGRESSIVE;
				GCC_WARN_UNUSED_FUNCTION = YES;
				GCC_WARN_UNUSED_VARIABLE = YES;
				IPHONEOS_DEPLOYMENT_TARGET = 17.0;
				LOCALIZATION_PREFERS_STRING_CATALOGS = YES;
				MTL_ENABLE_DEBUG_INFO = INCLUDE_SOURCE;
				MTL_FAST_MATH = YES;
				ONLY_ACTIVE_ARCH = YES;
				SDKROOT = iphoneos;
				SWIFT_ACTIVE_COMPILATION_CONDITIONS = "DEBUG $(inherited)";
				SWIFT_OPTIMIZATION_LEVEL = "-Onone";
			};
			name = Debug;
		};
		AC61A53D2C876A05001EB41F /* Release */ = {
			isa = XCBuildConfiguration;
			buildSettings = {
				ALWAYS_SEARCH_USER_PATHS = NO;
				ASSETCATALOG_COMPILER_GENERATE_SWIFT_ASSET_SYMBOL_EXTENSIONS = YES;
				CLANG_ANALYZER_LOCALIZABILITY_NONLOCALIZED = YES;
				CLANG_ANALYZER_NONNULL = YES;
				CLANG_ANALYZER_NUMBER_OBJECT_CONVERSION = YES_AGGRESSIVE;
				CLANG_CXX_LANGUAGE_STANDARD = "gnu++20";
				CLANG_ENABLE_MODULES = YES;
				CLANG_ENABLE_OBJC_ARC = YES;
				CLANG_ENABLE_OBJC_WEAK = YES;
				CLANG_WARN_BLOCK_CAPTURE_AUTORELEASING = YES;
				CLANG_WARN_BOOL_CONVERSION = YES;
				CLANG_WARN_COMMA = YES;
				CLANG_WARN_CONSTANT_CONVERSION = YES;
				CLANG_WARN_DEPRECATED_OBJC_IMPLEMENTATIONS = YES;
				CLANG_WARN_DIRECT_OBJC_ISA_USAGE = YES_ERROR;
				CLANG_WARN_DOCUMENTATION_COMMENTS = YES;
				CLANG_WARN_EMPTY_BODY = YES;
				CLANG_WARN_ENUM_CONVERSION = YES;
				CLANG_WARN_INFINITE_RECURSION = YES;
				CLANG_WARN_INT_CONVERSION = YES;
				CLANG_WARN_NON_LITERAL_NULL_CONVERSION = YES;
				CLANG_WARN_OBJC_IMPLICIT_RETAIN_SELF = YES;
				CLANG_WARN_OBJC_LITERAL_CONVERSION = YES;
				CLANG_WARN_OBJC_ROOT_CLASS = YES_ERROR;
				CLANG_WARN_QUOTED_INCLUDE_IN_FRAMEWORK_HEADER = YES;
				CLANG_WARN_RANGE_LOOP_ANALYSIS = YES;
				CLANG_WARN_STRICT_PROTOTYPES = YES;
				CLANG_WARN_SUSPICIOUS_MOVE = YES;
				CLANG_WARN_UNGUARDED_AVAILABILITY = YES_AGGRESSIVE;
				CLANG_WARN_UNREACHABLE_CODE = YES;
				CLANG_WARN__DUPLICATE_METHOD_MATCH = YES;
				COPY_PHASE_STRIP = NO;
				DEBUG_INFORMATION_FORMAT = "dwarf-with-dsym";
				ENABLE_NS_ASSERTIONS = NO;
				ENABLE_STRICT_OBJC_MSGSEND = YES;
				ENABLE_USER_SCRIPT_SANDBOXING = YES;
				GCC_C_LANGUAGE_STANDARD = gnu17;
				GCC_NO_COMMON_BLOCKS = YES;
				GCC_WARN_64_TO_32_BIT_CONVERSION = YES;
				GCC_WARN_ABOUT_RETURN_TYPE = YES_ERROR;
				GCC_WARN_UNDECLARED_SELECTOR = YES;
				GCC_WARN_UNINITIALIZED_AUTOS = YES_AGGRESSIVE;
				GCC_WARN_UNUSED_FUNCTION = YES;
				GCC_WARN_UNUSED_VARIABLE = YES;
				IPHONEOS_DEPLOYMENT_TARGET = 17.0;
				LOCALIZATION_PREFERS_STRING_CATALOGS = YES;
				MTL_ENABLE_DEBUG_INFO = NO;
				MTL_FAST_MATH = YES;
				SDKROOT = iphoneos;
				SWIFT_COMPILATION_MODE = wholemodule;
				VALIDATE_PRODUCT = YES;
			};
			name = Release;
		};
		AC61A53F2C876A05001EB41F /* Debug */ = {
			isa = XCBuildConfiguration;
			buildSettings = {
				ASSETCATALOG_COMPILER_APPICON_NAME = AppIcon;
				ASSETCATALOG_COMPILER_GLOBAL_ACCENT_COLOR_NAME = AccentColor;
				CLANG_ENABLE_MODULES = YES;
				CODE_SIGN_STYLE = Automatic;
				CURRENT_PROJECT_VERSION = 1;
				DEVELOPMENT_ASSET_PATHS = "\"Slay The 11th/Preview Content\"";
				DEVELOPMENT_TEAM = 68Q6L9T3C3;
				ENABLE_PREVIEWS = YES;
				GENERATE_INFOPLIST_FILE = YES;
				INFOPLIST_FILE = "Slay-The-11th-Info.plist";
				INFOPLIST_KEY_UIApplicationSceneManifest_Generation = YES;
				INFOPLIST_KEY_UIApplicationSupportsIndirectInputEvents = YES;
				INFOPLIST_KEY_UILaunchScreen_Generation = YES;
				INFOPLIST_KEY_UISupportedInterfaceOrientations = UIInterfaceOrientationPortrait;
				LD_RUNPATH_SEARCH_PATHS = (
					"$(inherited)",
					"@executable_path/Frameworks",
				);
				MARKETING_VERSION = 1.0;
				PRODUCT_BUNDLE_IDENTIFIER = "sa.hoang.Slay-The-11th";
				PRODUCT_NAME = "$(TARGET_NAME)";
				SWIFT_EMIT_LOC_STRINGS = YES;
				SWIFT_OPTIMIZATION_LEVEL = "-Onone";
				SWIFT_VERSION = 5.0;
				TARGETED_DEVICE_FAMILY = "1,2";
			};
			name = Debug;
		};
		AC61A5402C876A05001EB41F /* Release */ = {
			isa = XCBuildConfiguration;
			buildSettings = {
				ASSETCATALOG_COMPILER_APPICON_NAME = AppIcon;
				ASSETCATALOG_COMPILER_GLOBAL_ACCENT_COLOR_NAME = AccentColor;
				CLANG_ENABLE_MODULES = YES;
				CODE_SIGN_STYLE = Automatic;
				CURRENT_PROJECT_VERSION = 1;
				DEVELOPMENT_ASSET_PATHS = "\"Slay The 11th/Preview Content\"";
				DEVELOPMENT_TEAM = 68Q6L9T3C3;
				ENABLE_PREVIEWS = YES;
				GENERATE_INFOPLIST_FILE = YES;
				INFOPLIST_FILE = "Slay-The-11th-Info.plist";
				INFOPLIST_KEY_UIApplicationSceneManifest_Generation = YES;
				INFOPLIST_KEY_UIApplicationSupportsIndirectInputEvents = YES;
				INFOPLIST_KEY_UILaunchScreen_Generation = YES;
				INFOPLIST_KEY_UISupportedInterfaceOrientations = UIInterfaceOrientationPortrait;
				LD_RUNPATH_SEARCH_PATHS = (
					"$(inherited)",
					"@executable_path/Frameworks",
				);
				MARKETING_VERSION = 1.0;
				PRODUCT_BUNDLE_IDENTIFIER = "sa.hoang.Slay-The-11th";
				PRODUCT_NAME = "$(TARGET_NAME)";
				SWIFT_EMIT_LOC_STRINGS = YES;
				SWIFT_VERSION = 5.0;
				TARGETED_DEVICE_FAMILY = "1,2";
			};
			name = Release;
		};
/* End XCBuildConfiguration section */

/* Begin XCConfigurationList section */
		AC61A52B2C876A03001EB41F /* Build configuration list for PBXProject "Slay The 11th" */ = {
			isa = XCConfigurationList;
			buildConfigurations = (
				AC61A53C2C876A05001EB41F /* Debug */,
				AC61A53D2C876A05001EB41F /* Release */,
			);
			defaultConfigurationIsVisible = 0;
			defaultConfigurationName = Release;
		};
		AC61A53E2C876A05001EB41F /* Build configuration list for PBXNativeTarget "Slay The 11th" */ = {
			isa = XCConfigurationList;
			buildConfigurations = (
				AC61A53F2C876A05001EB41F /* Debug */,
				AC61A5402C876A05001EB41F /* Release */,
			);
			defaultConfigurationIsVisible = 0;
			defaultConfigurationName = Release;
		};
/* End XCConfigurationList section */

/* Begin XCRemoteSwiftPackageReference section */
		AC61A5D52C876A29001EB41F /* XCRemoteSwiftPackageReference "SDWebImageSwiftUI" */ = {
			isa = XCRemoteSwiftPackageReference;
			repositoryURL = "https://github.com/SDWebImage/SDWebImageSwiftUI.git";
			requirement = {
				kind = exactVersion;
				version = 3.1.2;
			};
		};
		AC61A5D82C876A34001EB41F /* XCRemoteSwiftPackageReference "Pow" */ = {
			isa = XCRemoteSwiftPackageReference;
			repositoryURL = "https://github.com/EmergeTools/Pow.git";
			requirement = {
				kind = exactVersion;
				version = 1.0.4;
			};
		};
		AC61A5DB2C876A3F001EB41F /* XCRemoteSwiftPackageReference "swiftui-navigation-transitions" */ = {
			isa = XCRemoteSwiftPackageReference;
			repositoryURL = "https://github.com/davdroman/swiftui-navigation-transitions.git";
			requirement = {
				kind = exactVersion;
				version = 0.13.4;
			};
		};
/* End XCRemoteSwiftPackageReference section */

/* Begin XCSwiftPackageProductDependency section */
		AC61A5D62C876A29001EB41F /* SDWebImageSwiftUI */ = {
			isa = XCSwiftPackageProductDependency;
			package = AC61A5D52C876A29001EB41F /* XCRemoteSwiftPackageReference "SDWebImageSwiftUI" */;
			productName = SDWebImageSwiftUI;
		};
		AC61A5D92C876A34001EB41F /* Pow */ = {
			isa = XCSwiftPackageProductDependency;
			package = AC61A5D82C876A34001EB41F /* XCRemoteSwiftPackageReference "Pow" */;
			productName = Pow;
		};
		AC61A5DC2C876A3F001EB41F /* NavigationTransitions */ = {
			isa = XCSwiftPackageProductDependency;
			package = AC61A5DB2C876A3F001EB41F /* XCRemoteSwiftPackageReference "swiftui-navigation-transitions" */;
			productName = NavigationTransitions;
		};
/* End XCSwiftPackageProductDependency section */
	};
	rootObject = AC61A5282C876A03001EB41F /* Project object */;
}
